// !$*UTF8*$!
{
	archiveVersion = 1;
	classes = {
	};
	objectVersion = 46;
	objects = {

/* Begin PBXBuildFile section */
		2E1DD1501D2F359E00997134 /* main.m in Sources */ = {isa = PBXBuildFile; fileRef = 2E1DD14F1D2F359E00997134 /* main.m */; };
		2E1DD1531D2F359E00997134 /* AppDelegate.m in Sources */ = {isa = PBXBuildFile; fileRef = 2E1DD1521D2F359E00997134 /* AppDelegate.m */; };
		2E1DD15C1D2F359E00997134 /* IkkyuChegj.xcdatamodeld in Sources */ = {isa = PBXBuildFile; fileRef = 2E1DD15A1D2F359E00997134 /* IkkyuChegj.xcdatamodeld */; };
		2E1DD15E1D2F359E00997134 /* Assets.xcassets in Resources */ = {isa = PBXBuildFile; fileRef = 2E1DD15D1D2F359E00997134 /* Assets.xcassets */; };
		2E1DD1611D2F359E00997134 /* LaunchScreen.storyboard in Resources */ = {isa = PBXBuildFile; fileRef = 2E1DD15F1D2F359E00997134 /* LaunchScreen.storyboard */; };
		2E1DD16C1D2F359E00997134 /* IkkyuChegjTests.m in Sources */ = {isa = PBXBuildFile; fileRef = 2E1DD16B1D2F359E00997134 /* IkkyuChegjTests.m */; };
		2E1DD1771D2F359E00997134 /* IkkyuChegjUITests.m in Sources */ = {isa = PBXBuildFile; fileRef = 2E1DD1761D2F359E00997134 /* IkkyuChegjUITests.m */; };
		2E1DD18B1D2F35FF00997134 /* HomeView_1.m in Sources */ = {isa = PBXBuildFile; fileRef = 2E1DD18A1D2F35FF00997134 /* HomeView_1.m */; };
		2E1DD18F1D2F361800997134 /* HomeModel_1.m in Sources */ = {isa = PBXBuildFile; fileRef = 2E1DD18E1D2F361800997134 /* HomeModel_1.m */; };
		2E1DD1931D2F363600997134 /* IkkyuChegjHomeViewController.m in Sources */ = {isa = PBXBuildFile; fileRef = 2E1DD1921D2F363600997134 /* IkkyuChegjHomeViewController.m */; };
		2E1DD1971D2F365A00997134 /* IkkyuChegjWoDeViewController.m in Sources */ = {isa = PBXBuildFile; fileRef = 2E1DD1961D2F365A00997134 /* IkkyuChegjWoDeViewController.m */; };
		2E1DD19B1D2F367600997134 /* WoDeModel_1.m in Sources */ = {isa = PBXBuildFile; fileRef = 2E1DD19A1D2F367600997134 /* WoDeModel_1.m */; };
		2E1DD19F1D2F368D00997134 /* WoDeView_1.m in Sources */ = {isa = PBXBuildFile; fileRef = 2E1DD19E1D2F368D00997134 /* WoDeView_1.m */; };
		2E1DD1D71D2F36AB00997134 /* MBProgressHUD.m in Sources */ = {isa = PBXBuildFile; fileRef = 2E1DD1A31D2F36AB00997134 /* MBProgressHUD.m */; };
		2E1DD1D81D2F36AB00997134 /* MJRefresh.bundle in Resources */ = {isa = PBXBuildFile; fileRef = 2E1DD1A51D2F36AB00997134 /* MJRefresh.bundle */; };
		2E1DD1D91D2F36AB00997134 /* MJRefreshBaseView.m in Sources */ = {isa = PBXBuildFile; fileRef = 2E1DD1A81D2F36AB00997134 /* MJRefreshBaseView.m */; };
		2E1DD1DA1D2F36AB00997134 /* MJRefreshConst.m in Sources */ = {isa = PBXBuildFile; fileRef = 2E1DD1AA1D2F36AB00997134 /* MJRefreshConst.m */; };
		2E1DD1DB1D2F36AB00997134 /* MJRefreshFooterView.m in Sources */ = {isa = PBXBuildFile; fileRef = 2E1DD1AC1D2F36AB00997134 /* MJRefreshFooterView.m */; };
		2E1DD1DC1D2F36AB00997134 /* MJRefreshHeaderView.m in Sources */ = {isa = PBXBuildFile; fileRef = 2E1DD1AE1D2F36AB00997134 /* MJRefreshHeaderView.m */; };
		2E1DD1DD1D2F36AB00997134 /* UIScrollView+MJExtension.m in Sources */ = {isa = PBXBuildFile; fileRef = 2E1DD1B01D2F36AB00997134 /* UIScrollView+MJExtension.m */; };
		2E1DD1DE1D2F36AB00997134 /* UIScrollView+MJRefresh.m in Sources */ = {isa = PBXBuildFile; fileRef = 2E1DD1B21D2F36AB00997134 /* UIScrollView+MJRefresh.m */; };
		2E1DD1DF1D2F36AB00997134 /* UIView+MJExtension.m in Sources */ = {isa = PBXBuildFile; fileRef = 2E1DD1B41D2F36AB00997134 /* UIView+MJExtension.m */; };
		2E1DD1E01D2F36AB00997134 /* MKAnnotationView+WebCache.m in Sources */ = {isa = PBXBuildFile; fileRef = 2E1DD1B71D2F36AB00997134 /* MKAnnotationView+WebCache.m */; };
		2E1DD1E11D2F36AB00997134 /* NSData+ImageContentType.m in Sources */ = {isa = PBXBuildFile; fileRef = 2E1DD1B91D2F36AB00997134 /* NSData+ImageContentType.m */; };
		2E1DD1E21D2F36AB00997134 /* SDImageCache.m in Sources */ = {isa = PBXBuildFile; fileRef = 2E1DD1BB1D2F36AB00997134 /* SDImageCache.m */; };
		2E1DD1E31D2F36AB00997134 /* SDWebImageCompat.m in Sources */ = {isa = PBXBuildFile; fileRef = 2E1DD1BD1D2F36AB00997134 /* SDWebImageCompat.m */; };
		2E1DD1E41D2F36AB00997134 /* SDWebImageDecoder.m in Sources */ = {isa = PBXBuildFile; fileRef = 2E1DD1BF1D2F36AB00997134 /* SDWebImageDecoder.m */; };
		2E1DD1E51D2F36AB00997134 /* SDWebImageDownloader.m in Sources */ = {isa = PBXBuildFile; fileRef = 2E1DD1C11D2F36AB00997134 /* SDWebImageDownloader.m */; };
		2E1DD1E61D2F36AB00997134 /* SDWebImageDownloaderOperation.m in Sources */ = {isa = PBXBuildFile; fileRef = 2E1DD1C31D2F36AB00997134 /* SDWebImageDownloaderOperation.m */; };
		2E1DD1E71D2F36AB00997134 /* SDWebImageManager.m in Sources */ = {isa = PBXBuildFile; fileRef = 2E1DD1C51D2F36AB00997134 /* SDWebImageManager.m */; };
		2E1DD1E81D2F36AB00997134 /* SDWebImagePrefetcher.m in Sources */ = {isa = PBXBuildFile; fileRef = 2E1DD1C81D2F36AB00997134 /* SDWebImagePrefetcher.m */; };
		2E1DD1E91D2F36AB00997134 /* UIButton+WebCache.m in Sources */ = {isa = PBXBuildFile; fileRef = 2E1DD1CA1D2F36AB00997134 /* UIButton+WebCache.m */; };
		2E1DD1EA1D2F36AB00997134 /* UIImage+GIF.m in Sources */ = {isa = PBXBuildFile; fileRef = 2E1DD1CC1D2F36AB00997134 /* UIImage+GIF.m */; };
		2E1DD1EB1D2F36AB00997134 /* UIImage+MultiFormat.m in Sources */ = {isa = PBXBuildFile; fileRef = 2E1DD1CE1D2F36AB00997134 /* UIImage+MultiFormat.m */; };
		2E1DD1EC1D2F36AB00997134 /* UIImage+WebP.m in Sources */ = {isa = PBXBuildFile; fileRef = 2E1DD1D01D2F36AB00997134 /* UIImage+WebP.m */; };
		2E1DD1ED1D2F36AB00997134 /* UIImageView+HighlightedWebCache.m in Sources */ = {isa = PBXBuildFile; fileRef = 2E1DD1D21D2F36AB00997134 /* UIImageView+HighlightedWebCache.m */; };
		2E1DD1EE1D2F36AB00997134 /* UIImageView+WebCache.m in Sources */ = {isa = PBXBuildFile; fileRef = 2E1DD1D41D2F36AB00997134 /* UIImageView+WebCache.m */; };
		2E1DD1EF1D2F36AB00997134 /* UIView+WebCacheOperation.m in Sources */ = {isa = PBXBuildFile; fileRef = 2E1DD1D61D2F36AB00997134 /* UIView+WebCacheOperation.m */; };
		2E1DD2001D2F454900997134 /* BaseCollectionViewCell.m in Sources */ = {isa = PBXBuildFile; fileRef = 2E1DD1F51D2F454900997134 /* BaseCollectionViewCell.m */; };
		2E1DD2011D2F454900997134 /* IkkyuChegjTabBarViewController.m in Sources */ = {isa = PBXBuildFile; fileRef = 2E1DD1F71D2F454900997134 /* IkkyuChegjTabBarViewController.m */; };
		2E1DD2021D2F454900997134 /* UIBarButtonItem+Extension.m in Sources */ = {isa = PBXBuildFile; fileRef = 2E1DD1F91D2F454900997134 /* UIBarButtonItem+Extension.m */; };
		2E1DD2031D2F454900997134 /* UIFont+Extension.m in Sources */ = {isa = PBXBuildFile; fileRef = 2E1DD1FB1D2F454900997134 /* UIFont+Extension.m */; };
		2E1DD2041D2F454900997134 /* UIImage+Extension.m in Sources */ = {isa = PBXBuildFile; fileRef = 2E1DD1FD1D2F454900997134 /* UIImage+Extension.m */; };
		2E1DD2051D2F454900997134 /* UIView+Extension.m in Sources */ = {isa = PBXBuildFile; fileRef = 2E1DD1FF1D2F454900997134 /* UIView+Extension.m */; };
		2E1DD2081D2F455F00997134 /* IkkyuChegjNavigationController.m in Sources */ = {isa = PBXBuildFile; fileRef = 2E1DD2071D2F455F00997134 /* IkkyuChegjNavigationController.m */; };
		2E1DD20C1D2F472600997134 /* CitySelectedViewController.m in Sources */ = {isa = PBXBuildFile; fileRef = 2E1DD20B1D2F472600997134 /* CitySelectedViewController.m */; };
		2E1DD2481D2F497800997134 /* CitySelectTableViewCell.m in Sources */ = {isa = PBXBuildFile; fileRef = 2E1DD2471D2F497800997134 /* CitySelectTableViewCell.m */; };
		2E1DD24B1D2F499E00997134 /* CitySelectedModel.m in Sources */ = {isa = PBXBuildFile; fileRef = 2E1DD24A1D2F499E00997134 /* CitySelectedModel.m */; };
		2E1DD24E1D2F531700997134 /* MessageViewController.m in Sources */ = {isa = PBXBuildFile; fileRef = 2E1DD24D1D2F531700997134 /* MessageViewController.m */; };
		2E7789941D335326000F29D4 /* HomeTopCollectionViewCell.m in Sources */ = {isa = PBXBuildFile; fileRef = 2E7789931D335326000F29D4 /* HomeTopCollectionViewCell.m */; };
		2E7789BF1D3387D8000F29D4 /* AFHTTPRequestOperation.m in Sources */ = {isa = PBXBuildFile; fileRef = 2E7789981D3387D8000F29D4 /* AFHTTPRequestOperation.m */; };
		2E7789C01D3387D8000F29D4 /* AFHTTPRequestOperationManager.m in Sources */ = {isa = PBXBuildFile; fileRef = 2E77899A1D3387D8000F29D4 /* AFHTTPRequestOperationManager.m */; };
		2E7789C11D3387D8000F29D4 /* AFHTTPSessionManager.m in Sources */ = {isa = PBXBuildFile; fileRef = 2E77899C1D3387D8000F29D4 /* AFHTTPSessionManager.m */; };
		2E7789C21D3387D8000F29D4 /* AFNetworkReachabilityManager.m in Sources */ = {isa = PBXBuildFile; fileRef = 2E77899F1D3387D8000F29D4 /* AFNetworkReachabilityManager.m */; };
		2E7789C31D3387D8000F29D4 /* AFSecurityPolicy.m in Sources */ = {isa = PBXBuildFile; fileRef = 2E7789A11D3387D8000F29D4 /* AFSecurityPolicy.m */; };
		2E7789C41D3387D8000F29D4 /* AFURLConnectionOperation.m in Sources */ = {isa = PBXBuildFile; fileRef = 2E7789A31D3387D8000F29D4 /* AFURLConnectionOperation.m */; };
		2E7789C51D3387D8000F29D4 /* AFURLRequestSerialization.m in Sources */ = {isa = PBXBuildFile; fileRef = 2E7789A51D3387D8000F29D4 /* AFURLRequestSerialization.m */; };
		2E7789C61D3387D8000F29D4 /* AFURLResponseSerialization.m in Sources */ = {isa = PBXBuildFile; fileRef = 2E7789A71D3387D8000F29D4 /* AFURLResponseSerialization.m */; };
		2E7789C71D3387D8000F29D4 /* AFURLSessionManager.m in Sources */ = {isa = PBXBuildFile; fileRef = 2E7789A91D3387D8000F29D4 /* AFURLSessionManager.m */; };
		2E7789C81D3387D8000F29D4 /* LICENSE in Resources */ = {isa = PBXBuildFile; fileRef = 2E7789AA1D3387D8000F29D4 /* LICENSE */; };
		2E7789C91D3387D8000F29D4 /* README.md in Sources */ = {isa = PBXBuildFile; fileRef = 2E7789AB1D3387D8000F29D4 /* README.md */; };
		2E7789CA1D3387D8000F29D4 /* AFNetworkActivityIndicatorManager.m in Sources */ = {isa = PBXBuildFile; fileRef = 2E7789AE1D3387D8000F29D4 /* AFNetworkActivityIndicatorManager.m */; };
		2E7789CB1D3387D8000F29D4 /* UIActivityIndicatorView+AFNetworking.m in Sources */ = {isa = PBXBuildFile; fileRef = 2E7789B01D3387D8000F29D4 /* UIActivityIndicatorView+AFNetworking.m */; };
		2E7789CC1D3387D8000F29D4 /* UIAlertView+AFNetworking.m in Sources */ = {isa = PBXBuildFile; fileRef = 2E7789B21D3387D8000F29D4 /* UIAlertView+AFNetworking.m */; };
		2E7789CD1D3387D8000F29D4 /* UIButton+AFNetworking.m in Sources */ = {isa = PBXBuildFile; fileRef = 2E7789B41D3387D8000F29D4 /* UIButton+AFNetworking.m */; };
		2E7789CE1D3387D8000F29D4 /* UIImageView+AFNetworking.m in Sources */ = {isa = PBXBuildFile; fileRef = 2E7789B71D3387D8000F29D4 /* UIImageView+AFNetworking.m */; };
		2E7789CF1D3387D8000F29D4 /* UIProgressView+AFNetworking.m in Sources */ = {isa = PBXBuildFile; fileRef = 2E7789BA1D3387D8000F29D4 /* UIProgressView+AFNetworking.m */; };
		2E7789D01D3387D8000F29D4 /* UIRefreshControl+AFNetworking.m in Sources */ = {isa = PBXBuildFile; fileRef = 2E7789BC1D3387D8000F29D4 /* UIRefreshControl+AFNetworking.m */; };
		2E7789D11D3387D8000F29D4 /* UIWebView+AFNetworking.m in Sources */ = {isa = PBXBuildFile; fileRef = 2E7789BE1D3387D8000F29D4 /* UIWebView+AFNetworking.m */; };
		2E778A131D338D1B000F29D4 /* HttpRequestManager.m in Sources */ = {isa = PBXBuildFile; fileRef = 2E778A121D338D1B000F29D4 /* HttpRequestManager.m */; };
		2EAB7B1E1D3E064400D99762 /* 2.jpg in Resources */ = {isa = PBXBuildFile; fileRef = 2EAB7B1D1D3E064400D99762 /* 2.jpg */; };
		2EAB7B241D3E244B00D99762 /* 2.png in Resources */ = {isa = PBXBuildFile; fileRef = 2EAB7B231D3E244B00D99762 /* 2.png */; };
/* End PBXBuildFile section */

/* Begin PBXContainerItemProxy section */
		2E1DD1681D2F359E00997134 /* PBXContainerItemProxy */ = {
			isa = PBXContainerItemProxy;
			containerPortal = 2E1DD1431D2F359E00997134 /* Project object */;
			proxyType = 1;
			remoteGlobalIDString = 2E1DD14A1D2F359E00997134;
			remoteInfo = IkkyuChegj;
		};
		2E1DD1731D2F359E00997134 /* PBXContainerItemProxy */ = {
			isa = PBXContainerItemProxy;
			containerPortal = 2E1DD1431D2F359E00997134 /* Project object */;
			proxyType = 1;
			remoteGlobalIDString = 2E1DD14A1D2F359E00997134;
			remoteInfo = IkkyuChegj;
		};
/* End PBXContainerItemProxy section */

/* Begin PBXFileReference section */
		2E1DD14B1D2F359E00997134 /* IkkyuChegj.app */ = {isa = PBXFileReference; explicitFileType = wrapper.application; includeInIndex = 0; path = IkkyuChegj.app; sourceTree = BUILT_PRODUCTS_DIR; };
		2E1DD14F1D2F359E00997134 /* main.m */ = {isa = PBXFileReference; lastKnownFileType = sourcecode.c.objc; path = main.m; sourceTree = "<group>"; };
		2E1DD1511D2F359E00997134 /* AppDelegate.h */ = {isa = PBXFileReference; lastKnownFileType = sourcecode.c.h; path = AppDelegate.h; sourceTree = "<group>"; };
		2E1DD1521D2F359E00997134 /* AppDelegate.m */ = {isa = PBXFileReference; lastKnownFileType = sourcecode.c.objc; path = AppDelegate.m; sourceTree = "<group>"; };
		2E1DD15B1D2F359E00997134 /* IkkyuChegj.xcdatamodel */ = {isa = PBXFileReference; lastKnownFileType = wrapper.xcdatamodel; path = IkkyuChegj.xcdatamodel; sourceTree = "<group>"; };
		2E1DD15D1D2F359E00997134 /* Assets.xcassets */ = {isa = PBXFileReference; lastKnownFileType = folder.assetcatalog; path = Assets.xcassets; sourceTree = "<group>"; };
		2E1DD1601D2F359E00997134 /* Base */ = {isa = PBXFileReference; lastKnownFileType = file.storyboard; name = Base; path = Base.lproj/LaunchScreen.storyboard; sourceTree = "<group>"; };
		2E1DD1621D2F359E00997134 /* Info.plist */ = {isa = PBXFileReference; lastKnownFileType = text.plist.xml; path = Info.plist; sourceTree = "<group>"; };
		2E1DD1671D2F359E00997134 /* IkkyuChegjTests.xctest */ = {isa = PBXFileReference; explicitFileType = wrapper.cfbundle; includeInIndex = 0; path = IkkyuChegjTests.xctest; sourceTree = BUILT_PRODUCTS_DIR; };
		2E1DD16B1D2F359E00997134 /* IkkyuChegjTests.m */ = {isa = PBXFileReference; lastKnownFileType = sourcecode.c.objc; path = IkkyuChegjTests.m; sourceTree = "<group>"; };
		2E1DD16D1D2F359E00997134 /* Info.plist */ = {isa = PBXFileReference; lastKnownFileType = text.plist.xml; path = Info.plist; sourceTree = "<group>"; };
		2E1DD1721D2F359E00997134 /* IkkyuChegjUITests.xctest */ = {isa = PBXFileReference; explicitFileType = wrapper.cfbundle; includeInIndex = 0; path = IkkyuChegjUITests.xctest; sourceTree = BUILT_PRODUCTS_DIR; };
		2E1DD1761D2F359E00997134 /* IkkyuChegjUITests.m */ = {isa = PBXFileReference; lastKnownFileType = sourcecode.c.objc; path = IkkyuChegjUITests.m; sourceTree = "<group>"; };
		2E1DD1781D2F359E00997134 /* Info.plist */ = {isa = PBXFileReference; lastKnownFileType = text.plist.xml; path = Info.plist; sourceTree = "<group>"; };
		2E1DD1891D2F35FF00997134 /* HomeView_1.h */ = {isa = PBXFileReference; fileEncoding = 4; lastKnownFileType = sourcecode.c.h; path = HomeView_1.h; sourceTree = "<group>"; };
		2E1DD18A1D2F35FF00997134 /* HomeView_1.m */ = {isa = PBXFileReference; fileEncoding = 4; lastKnownFileType = sourcecode.c.objc; path = HomeView_1.m; sourceTree = "<group>"; };
		2E1DD18D1D2F361800997134 /* HomeModel_1.h */ = {isa = PBXFileReference; fileEncoding = 4; lastKnownFileType = sourcecode.c.h; path = HomeModel_1.h; sourceTree = "<group>"; };
		2E1DD18E1D2F361800997134 /* HomeModel_1.m */ = {isa = PBXFileReference; fileEncoding = 4; lastKnownFileType = sourcecode.c.objc; path = HomeModel_1.m; sourceTree = "<group>"; };
		2E1DD1911D2F363600997134 /* IkkyuChegjHomeViewController.h */ = {isa = PBXFileReference; fileEncoding = 4; lastKnownFileType = sourcecode.c.h; path = IkkyuChegjHomeViewController.h; sourceTree = "<group>"; };
		2E1DD1921D2F363600997134 /* IkkyuChegjHomeViewController.m */ = {isa = PBXFileReference; fileEncoding = 4; lastKnownFileType = sourcecode.c.objc; path = IkkyuChegjHomeViewController.m; sourceTree = "<group>"; };
		2E1DD1951D2F365A00997134 /* IkkyuChegjWoDeViewController.h */ = {isa = PBXFileReference; fileEncoding = 4; lastKnownFileType = sourcecode.c.h; path = IkkyuChegjWoDeViewController.h; sourceTree = "<group>"; };
		2E1DD1961D2F365A00997134 /* IkkyuChegjWoDeViewController.m */ = {isa = PBXFileReference; fileEncoding = 4; lastKnownFileType = sourcecode.c.objc; path = IkkyuChegjWoDeViewController.m; sourceTree = "<group>"; };
		2E1DD1991D2F367600997134 /* WoDeModel_1.h */ = {isa = PBXFileReference; fileEncoding = 4; lastKnownFileType = sourcecode.c.h; path = WoDeModel_1.h; sourceTree = "<group>"; };
		2E1DD19A1D2F367600997134 /* WoDeModel_1.m */ = {isa = PBXFileReference; fileEncoding = 4; lastKnownFileType = sourcecode.c.objc; path = WoDeModel_1.m; sourceTree = "<group>"; };
		2E1DD19D1D2F368D00997134 /* WoDeView_1.h */ = {isa = PBXFileReference; fileEncoding = 4; lastKnownFileType = sourcecode.c.h; path = WoDeView_1.h; sourceTree = "<group>"; };
		2E1DD19E1D2F368D00997134 /* WoDeView_1.m */ = {isa = PBXFileReference; fileEncoding = 4; lastKnownFileType = sourcecode.c.objc; path = WoDeView_1.m; sourceTree = "<group>"; };
		2E1DD1A21D2F36AB00997134 /* MBProgressHUD.h */ = {isa = PBXFileReference; fileEncoding = 4; lastKnownFileType = sourcecode.c.h; path = MBProgressHUD.h; sourceTree = "<group>"; };
		2E1DD1A31D2F36AB00997134 /* MBProgressHUD.m */ = {isa = PBXFileReference; fileEncoding = 4; lastKnownFileType = sourcecode.c.objc; path = MBProgressHUD.m; sourceTree = "<group>"; };
		2E1DD1A51D2F36AB00997134 /* MJRefresh.bundle */ = {isa = PBXFileReference; lastKnownFileType = "wrapper.plug-in"; path = MJRefresh.bundle; sourceTree = "<group>"; };
		2E1DD1A61D2F36AB00997134 /* MJRefresh.h */ = {isa = PBXFileReference; fileEncoding = 4; lastKnownFileType = sourcecode.c.h; path = MJRefresh.h; sourceTree = "<group>"; };
		2E1DD1A71D2F36AB00997134 /* MJRefreshBaseView.h */ = {isa = PBXFileReference; fileEncoding = 4; lastKnownFileType = sourcecode.c.h; path = MJRefreshBaseView.h; sourceTree = "<group>"; };
		2E1DD1A81D2F36AB00997134 /* MJRefreshBaseView.m */ = {isa = PBXFileReference; fileEncoding = 4; lastKnownFileType = sourcecode.c.objc; path = MJRefreshBaseView.m; sourceTree = "<group>"; };
		2E1DD1A91D2F36AB00997134 /* MJRefreshConst.h */ = {isa = PBXFileReference; fileEncoding = 4; lastKnownFileType = sourcecode.c.h; path = MJRefreshConst.h; sourceTree = "<group>"; };
		2E1DD1AA1D2F36AB00997134 /* MJRefreshConst.m */ = {isa = PBXFileReference; fileEncoding = 4; lastKnownFileType = sourcecode.c.objc; path = MJRefreshConst.m; sourceTree = "<group>"; };
		2E1DD1AB1D2F36AB00997134 /* MJRefreshFooterView.h */ = {isa = PBXFileReference; fileEncoding = 4; lastKnownFileType = sourcecode.c.h; path = MJRefreshFooterView.h; sourceTree = "<group>"; };
		2E1DD1AC1D2F36AB00997134 /* MJRefreshFooterView.m */ = {isa = PBXFileReference; fileEncoding = 4; lastKnownFileType = sourcecode.c.objc; path = MJRefreshFooterView.m; sourceTree = "<group>"; };
		2E1DD1AD1D2F36AB00997134 /* MJRefreshHeaderView.h */ = {isa = PBXFileReference; fileEncoding = 4; lastKnownFileType = sourcecode.c.h; path = MJRefreshHeaderView.h; sourceTree = "<group>"; };
		2E1DD1AE1D2F36AB00997134 /* MJRefreshHeaderView.m */ = {isa = PBXFileReference; fileEncoding = 4; lastKnownFileType = sourcecode.c.objc; path = MJRefreshHeaderView.m; sourceTree = "<group>"; };
		2E1DD1AF1D2F36AB00997134 /* UIScrollView+MJExtension.h */ = {isa = PBXFileReference; fileEncoding = 4; lastKnownFileType = sourcecode.c.h; path = "UIScrollView+MJExtension.h"; sourceTree = "<group>"; };
		2E1DD1B01D2F36AB00997134 /* UIScrollView+MJExtension.m */ = {isa = PBXFileReference; fileEncoding = 4; lastKnownFileType = sourcecode.c.objc; path = "UIScrollView+MJExtension.m"; sourceTree = "<group>"; };
		2E1DD1B11D2F36AB00997134 /* UIScrollView+MJRefresh.h */ = {isa = PBXFileReference; fileEncoding = 4; lastKnownFileType = sourcecode.c.h; path = "UIScrollView+MJRefresh.h"; sourceTree = "<group>"; };
		2E1DD1B21D2F36AB00997134 /* UIScrollView+MJRefresh.m */ = {isa = PBXFileReference; fileEncoding = 4; lastKnownFileType = sourcecode.c.objc; path = "UIScrollView+MJRefresh.m"; sourceTree = "<group>"; };
		2E1DD1B31D2F36AB00997134 /* UIView+MJExtension.h */ = {isa = PBXFileReference; fileEncoding = 4; lastKnownFileType = sourcecode.c.h; path = "UIView+MJExtension.h"; sourceTree = "<group>"; };
		2E1DD1B41D2F36AB00997134 /* UIView+MJExtension.m */ = {isa = PBXFileReference; fileEncoding = 4; lastKnownFileType = sourcecode.c.objc; path = "UIView+MJExtension.m"; sourceTree = "<group>"; };
		2E1DD1B61D2F36AB00997134 /* MKAnnotationView+WebCache.h */ = {isa = PBXFileReference; fileEncoding = 4; lastKnownFileType = sourcecode.c.h; path = "MKAnnotationView+WebCache.h"; sourceTree = "<group>"; };
		2E1DD1B71D2F36AB00997134 /* MKAnnotationView+WebCache.m */ = {isa = PBXFileReference; fileEncoding = 4; lastKnownFileType = sourcecode.c.objc; path = "MKAnnotationView+WebCache.m"; sourceTree = "<group>"; };
		2E1DD1B81D2F36AB00997134 /* NSData+ImageContentType.h */ = {isa = PBXFileReference; fileEncoding = 4; lastKnownFileType = sourcecode.c.h; path = "NSData+ImageContentType.h"; sourceTree = "<group>"; };
		2E1DD1B91D2F36AB00997134 /* NSData+ImageContentType.m */ = {isa = PBXFileReference; fileEncoding = 4; lastKnownFileType = sourcecode.c.objc; path = "NSData+ImageContentType.m"; sourceTree = "<group>"; };
		2E1DD1BA1D2F36AB00997134 /* SDImageCache.h */ = {isa = PBXFileReference; fileEncoding = 4; lastKnownFileType = sourcecode.c.h; path = SDImageCache.h; sourceTree = "<group>"; };
		2E1DD1BB1D2F36AB00997134 /* SDImageCache.m */ = {isa = PBXFileReference; fileEncoding = 4; lastKnownFileType = sourcecode.c.objc; path = SDImageCache.m; sourceTree = "<group>"; };
		2E1DD1BC1D2F36AB00997134 /* SDWebImageCompat.h */ = {isa = PBXFileReference; fileEncoding = 4; lastKnownFileType = sourcecode.c.h; path = SDWebImageCompat.h; sourceTree = "<group>"; };
		2E1DD1BD1D2F36AB00997134 /* SDWebImageCompat.m */ = {isa = PBXFileReference; fileEncoding = 4; lastKnownFileType = sourcecode.c.objc; path = SDWebImageCompat.m; sourceTree = "<group>"; };
		2E1DD1BE1D2F36AB00997134 /* SDWebImageDecoder.h */ = {isa = PBXFileReference; fileEncoding = 4; lastKnownFileType = sourcecode.c.h; path = SDWebImageDecoder.h; sourceTree = "<group>"; };
		2E1DD1BF1D2F36AB00997134 /* SDWebImageDecoder.m */ = {isa = PBXFileReference; fileEncoding = 4; lastKnownFileType = sourcecode.c.objc; path = SDWebImageDecoder.m; sourceTree = "<group>"; };
		2E1DD1C01D2F36AB00997134 /* SDWebImageDownloader.h */ = {isa = PBXFileReference; fileEncoding = 4; lastKnownFileType = sourcecode.c.h; path = SDWebImageDownloader.h; sourceTree = "<group>"; };
		2E1DD1C11D2F36AB00997134 /* SDWebImageDownloader.m */ = {isa = PBXFileReference; fileEncoding = 4; lastKnownFileType = sourcecode.c.objc; path = SDWebImageDownloader.m; sourceTree = "<group>"; };
		2E1DD1C21D2F36AB00997134 /* SDWebImageDownloaderOperation.h */ = {isa = PBXFileReference; fileEncoding = 4; lastKnownFileType = sourcecode.c.h; path = SDWebImageDownloaderOperation.h; sourceTree = "<group>"; };
		2E1DD1C31D2F36AB00997134 /* SDWebImageDownloaderOperation.m */ = {isa = PBXFileReference; fileEncoding = 4; lastKnownFileType = sourcecode.c.objc; path = SDWebImageDownloaderOperation.m; sourceTree = "<group>"; };
		2E1DD1C41D2F36AB00997134 /* SDWebImageManager.h */ = {isa = PBXFileReference; fileEncoding = 4; lastKnownFileType = sourcecode.c.h; path = SDWebImageManager.h; sourceTree = "<group>"; };
		2E1DD1C51D2F36AB00997134 /* SDWebImageManager.m */ = {isa = PBXFileReference; fileEncoding = 4; lastKnownFileType = sourcecode.c.objc; path = SDWebImageManager.m; sourceTree = "<group>"; };
		2E1DD1C61D2F36AB00997134 /* SDWebImageOperation.h */ = {isa = PBXFileReference; fileEncoding = 4; lastKnownFileType = sourcecode.c.h; path = SDWebImageOperation.h; sourceTree = "<group>"; };
		2E1DD1C71D2F36AB00997134 /* SDWebImagePrefetcher.h */ = {isa = PBXFileReference; fileEncoding = 4; lastKnownFileType = sourcecode.c.h; path = SDWebImagePrefetcher.h; sourceTree = "<group>"; };
		2E1DD1C81D2F36AB00997134 /* SDWebImagePrefetcher.m */ = {isa = PBXFileReference; fileEncoding = 4; lastKnownFileType = sourcecode.c.objc; path = SDWebImagePrefetcher.m; sourceTree = "<group>"; };
		2E1DD1C91D2F36AB00997134 /* UIButton+WebCache.h */ = {isa = PBXFileReference; fileEncoding = 4; lastKnownFileType = sourcecode.c.h; path = "UIButton+WebCache.h"; sourceTree = "<group>"; };
		2E1DD1CA1D2F36AB00997134 /* UIButton+WebCache.m */ = {isa = PBXFileReference; fileEncoding = 4; lastKnownFileType = sourcecode.c.objc; path = "UIButton+WebCache.m"; sourceTree = "<group>"; };
		2E1DD1CB1D2F36AB00997134 /* UIImage+GIF.h */ = {isa = PBXFileReference; fileEncoding = 4; lastKnownFileType = sourcecode.c.h; path = "UIImage+GIF.h"; sourceTree = "<group>"; };
		2E1DD1CC1D2F36AB00997134 /* UIImage+GIF.m */ = {isa = PBXFileReference; fileEncoding = 4; lastKnownFileType = sourcecode.c.objc; path = "UIImage+GIF.m"; sourceTree = "<group>"; };
		2E1DD1CD1D2F36AB00997134 /* UIImage+MultiFormat.h */ = {isa = PBXFileReference; fileEncoding = 4; lastKnownFileType = sourcecode.c.h; path = "UIImage+MultiFormat.h"; sourceTree = "<group>"; };
		2E1DD1CE1D2F36AB00997134 /* UIImage+MultiFormat.m */ = {isa = PBXFileReference; fileEncoding = 4; lastKnownFileType = sourcecode.c.objc; path = "UIImage+MultiFormat.m"; sourceTree = "<group>"; };
		2E1DD1CF1D2F36AB00997134 /* UIImage+WebP.h */ = {isa = PBXFileReference; fileEncoding = 4; lastKnownFileType = sourcecode.c.h; path = "UIImage+WebP.h"; sourceTree = "<group>"; };
		2E1DD1D01D2F36AB00997134 /* UIImage+WebP.m */ = {isa = PBXFileReference; fileEncoding = 4; lastKnownFileType = sourcecode.c.objc; path = "UIImage+WebP.m"; sourceTree = "<group>"; };
		2E1DD1D11D2F36AB00997134 /* UIImageView+HighlightedWebCache.h */ = {isa = PBXFileReference; fileEncoding = 4; lastKnownFileType = sourcecode.c.h; path = "UIImageView+HighlightedWebCache.h"; sourceTree = "<group>"; };
		2E1DD1D21D2F36AB00997134 /* UIImageView+HighlightedWebCache.m */ = {isa = PBXFileReference; fileEncoding = 4; lastKnownFileType = sourcecode.c.objc; path = "UIImageView+HighlightedWebCache.m"; sourceTree = "<group>"; };
		2E1DD1D31D2F36AB00997134 /* UIImageView+WebCache.h */ = {isa = PBXFileReference; fileEncoding = 4; lastKnownFileType = sourcecode.c.h; path = "UIImageView+WebCache.h"; sourceTree = "<group>"; };
		2E1DD1D41D2F36AB00997134 /* UIImageView+WebCache.m */ = {isa = PBXFileReference; fileEncoding = 4; lastKnownFileType = sourcecode.c.objc; path = "UIImageView+WebCache.m"; sourceTree = "<group>"; };
		2E1DD1D51D2F36AB00997134 /* UIView+WebCacheOperation.h */ = {isa = PBXFileReference; fileEncoding = 4; lastKnownFileType = sourcecode.c.h; path = "UIView+WebCacheOperation.h"; sourceTree = "<group>"; };
		2E1DD1D61D2F36AB00997134 /* UIView+WebCacheOperation.m */ = {isa = PBXFileReference; fileEncoding = 4; lastKnownFileType = sourcecode.c.objc; path = "UIView+WebCacheOperation.m"; sourceTree = "<group>"; };
		2E1DD1F21D2F379000997134 /* MyHeader.h */ = {isa = PBXFileReference; fileEncoding = 4; lastKnownFileType = sourcecode.c.h; path = MyHeader.h; sourceTree = "<group>"; };
		2E1DD1F31D2F379E00997134 /* PrefixHeader.pch */ = {isa = PBXFileReference; fileEncoding = 4; lastKnownFileType = sourcecode.c.h; path = PrefixHeader.pch; sourceTree = "<group>"; };
		2E1DD1F41D2F454900997134 /* BaseCollectionViewCell.h */ = {isa = PBXFileReference; fileEncoding = 4; lastKnownFileType = sourcecode.c.h; path = BaseCollectionViewCell.h; sourceTree = "<group>"; };
		2E1DD1F51D2F454900997134 /* BaseCollectionViewCell.m */ = {isa = PBXFileReference; fileEncoding = 4; lastKnownFileType = sourcecode.c.objc; path = BaseCollectionViewCell.m; sourceTree = "<group>"; };
		2E1DD1F61D2F454900997134 /* IkkyuChegjTabBarViewController.h */ = {isa = PBXFileReference; fileEncoding = 4; lastKnownFileType = sourcecode.c.h; path = IkkyuChegjTabBarViewController.h; sourceTree = "<group>"; };
		2E1DD1F71D2F454900997134 /* IkkyuChegjTabBarViewController.m */ = {isa = PBXFileReference; fileEncoding = 4; lastKnownFileType = sourcecode.c.objc; path = IkkyuChegjTabBarViewController.m; sourceTree = "<group>"; };
		2E1DD1F81D2F454900997134 /* UIBarButtonItem+Extension.h */ = {isa = PBXFileReference; fileEncoding = 4; lastKnownFileType = sourcecode.c.h; path = "UIBarButtonItem+Extension.h"; sourceTree = "<group>"; };
		2E1DD1F91D2F454900997134 /* UIBarButtonItem+Extension.m */ = {isa = PBXFileReference; fileEncoding = 4; lastKnownFileType = sourcecode.c.objc; path = "UIBarButtonItem+Extension.m"; sourceTree = "<group>"; };
		2E1DD1FA1D2F454900997134 /* UIFont+Extension.h */ = {isa = PBXFileReference; fileEncoding = 4; lastKnownFileType = sourcecode.c.h; path = "UIFont+Extension.h"; sourceTree = "<group>"; };
		2E1DD1FB1D2F454900997134 /* UIFont+Extension.m */ = {isa = PBXFileReference; fileEncoding = 4; lastKnownFileType = sourcecode.c.objc; path = "UIFont+Extension.m"; sourceTree = "<group>"; };
		2E1DD1FC1D2F454900997134 /* UIImage+Extension.h */ = {isa = PBXFileReference; fileEncoding = 4; lastKnownFileType = sourcecode.c.h; path = "UIImage+Extension.h"; sourceTree = "<group>"; };
		2E1DD1FD1D2F454900997134 /* UIImage+Extension.m */ = {isa = PBXFileReference; fileEncoding = 4; lastKnownFileType = sourcecode.c.objc; path = "UIImage+Extension.m"; sourceTree = "<group>"; };
		2E1DD1FE1D2F454900997134 /* UIView+Extension.h */ = {isa = PBXFileReference; fileEncoding = 4; lastKnownFileType = sourcecode.c.h; path = "UIView+Extension.h"; sourceTree = "<group>"; };
		2E1DD1FF1D2F454900997134 /* UIView+Extension.m */ = {isa = PBXFileReference; fileEncoding = 4; lastKnownFileType = sourcecode.c.objc; path = "UIView+Extension.m"; sourceTree = "<group>"; };
		2E1DD2061D2F455F00997134 /* IkkyuChegjNavigationController.h */ = {isa = PBXFileReference; fileEncoding = 4; lastKnownFileType = sourcecode.c.h; path = IkkyuChegjNavigationController.h; sourceTree = "<group>"; };
		2E1DD2071D2F455F00997134 /* IkkyuChegjNavigationController.m */ = {isa = PBXFileReference; fileEncoding = 4; lastKnownFileType = sourcecode.c.objc; path = IkkyuChegjNavigationController.m; sourceTree = "<group>"; };
		2E1DD20A1D2F472600997134 /* CitySelectedViewController.h */ = {isa = PBXFileReference; fileEncoding = 4; lastKnownFileType = sourcecode.c.h; path = CitySelectedViewController.h; sourceTree = "<group>"; };
		2E1DD20B1D2F472600997134 /* CitySelectedViewController.m */ = {isa = PBXFileReference; fileEncoding = 4; lastKnownFileType = sourcecode.c.objc; path = CitySelectedViewController.m; sourceTree = "<group>"; };
		2E1DD2461D2F497800997134 /* CitySelectTableViewCell.h */ = {isa = PBXFileReference; fileEncoding = 4; lastKnownFileType = sourcecode.c.h; path = CitySelectTableViewCell.h; sourceTree = "<group>"; };
		2E1DD2471D2F497800997134 /* CitySelectTableViewCell.m */ = {isa = PBXFileReference; fileEncoding = 4; lastKnownFileType = sourcecode.c.objc; path = CitySelectTableViewCell.m; sourceTree = "<group>"; };
		2E1DD2491D2F499E00997134 /* CitySelectedModel.h */ = {isa = PBXFileReference; fileEncoding = 4; lastKnownFileType = sourcecode.c.h; path = CitySelectedModel.h; sourceTree = "<group>"; };
		2E1DD24A1D2F499E00997134 /* CitySelectedModel.m */ = {isa = PBXFileReference; fileEncoding = 4; lastKnownFileType = sourcecode.c.objc; path = CitySelectedModel.m; sourceTree = "<group>"; };
		2E1DD24C1D2F531700997134 /* MessageViewController.h */ = {isa = PBXFileReference; fileEncoding = 4; lastKnownFileType = sourcecode.c.h; path = MessageViewController.h; sourceTree = "<group>"; };
		2E1DD24D1D2F531700997134 /* MessageViewController.m */ = {isa = PBXFileReference; fileEncoding = 4; lastKnownFileType = sourcecode.c.objc; path = MessageViewController.m; sourceTree = "<group>"; };
		2E7789921D335326000F29D4 /* HomeTopCollectionViewCell.h */ = {isa = PBXFileReference; fileEncoding = 4; lastKnownFileType = sourcecode.c.h; path = HomeTopCollectionViewCell.h; sourceTree = "<group>"; };
		2E7789931D335326000F29D4 /* HomeTopCollectionViewCell.m */ = {isa = PBXFileReference; fileEncoding = 4; lastKnownFileType = sourcecode.c.objc; path = HomeTopCollectionViewCell.m; sourceTree = "<group>"; };
		2E7789971D3387D8000F29D4 /* AFHTTPRequestOperation.h */ = {isa = PBXFileReference; fileEncoding = 4; lastKnownFileType = sourcecode.c.h; path = AFHTTPRequestOperation.h; sourceTree = "<group>"; };
		2E7789981D3387D8000F29D4 /* AFHTTPRequestOperation.m */ = {isa = PBXFileReference; fileEncoding = 4; lastKnownFileType = sourcecode.c.objc; path = AFHTTPRequestOperation.m; sourceTree = "<group>"; };
		2E7789991D3387D8000F29D4 /* AFHTTPRequestOperationManager.h */ = {isa = PBXFileReference; fileEncoding = 4; lastKnownFileType = sourcecode.c.h; path = AFHTTPRequestOperationManager.h; sourceTree = "<group>"; };
		2E77899A1D3387D8000F29D4 /* AFHTTPRequestOperationManager.m */ = {isa = PBXFileReference; fileEncoding = 4; lastKnownFileType = sourcecode.c.objc; path = AFHTTPRequestOperationManager.m; sourceTree = "<group>"; };
		2E77899B1D3387D8000F29D4 /* AFHTTPSessionManager.h */ = {isa = PBXFileReference; fileEncoding = 4; lastKnownFileType = sourcecode.c.h; path = AFHTTPSessionManager.h; sourceTree = "<group>"; };
		2E77899C1D3387D8000F29D4 /* AFHTTPSessionManager.m */ = {isa = PBXFileReference; fileEncoding = 4; lastKnownFileType = sourcecode.c.objc; path = AFHTTPSessionManager.m; sourceTree = "<group>"; };
		2E77899D1D3387D8000F29D4 /* AFNetworking.h */ = {isa = PBXFileReference; fileEncoding = 4; lastKnownFileType = sourcecode.c.h; path = AFNetworking.h; sourceTree = "<group>"; };
		2E77899E1D3387D8000F29D4 /* AFNetworkReachabilityManager.h */ = {isa = PBXFileReference; fileEncoding = 4; lastKnownFileType = sourcecode.c.h; path = AFNetworkReachabilityManager.h; sourceTree = "<group>"; };
		2E77899F1D3387D8000F29D4 /* AFNetworkReachabilityManager.m */ = {isa = PBXFileReference; fileEncoding = 4; lastKnownFileType = sourcecode.c.objc; path = AFNetworkReachabilityManager.m; sourceTree = "<group>"; };
		2E7789A01D3387D8000F29D4 /* AFSecurityPolicy.h */ = {isa = PBXFileReference; fileEncoding = 4; lastKnownFileType = sourcecode.c.h; path = AFSecurityPolicy.h; sourceTree = "<group>"; };
		2E7789A11D3387D8000F29D4 /* AFSecurityPolicy.m */ = {isa = PBXFileReference; fileEncoding = 4; lastKnownFileType = sourcecode.c.objc; path = AFSecurityPolicy.m; sourceTree = "<group>"; };
		2E7789A21D3387D8000F29D4 /* AFURLConnectionOperation.h */ = {isa = PBXFileReference; fileEncoding = 4; lastKnownFileType = sourcecode.c.h; path = AFURLConnectionOperation.h; sourceTree = "<group>"; };
		2E7789A31D3387D8000F29D4 /* AFURLConnectionOperation.m */ = {isa = PBXFileReference; fileEncoding = 4; lastKnownFileType = sourcecode.c.objc; path = AFURLConnectionOperation.m; sourceTree = "<group>"; };
		2E7789A41D3387D8000F29D4 /* AFURLRequestSerialization.h */ = {isa = PBXFileReference; fileEncoding = 4; lastKnownFileType = sourcecode.c.h; path = AFURLRequestSerialization.h; sourceTree = "<group>"; };
		2E7789A51D3387D8000F29D4 /* AFURLRequestSerialization.m */ = {isa = PBXFileReference; fileEncoding = 4; lastKnownFileType = sourcecode.c.objc; path = AFURLRequestSerialization.m; sourceTree = "<group>"; };
		2E7789A61D3387D8000F29D4 /* AFURLResponseSerialization.h */ = {isa = PBXFileReference; fileEncoding = 4; lastKnownFileType = sourcecode.c.h; path = AFURLResponseSerialization.h; sourceTree = "<group>"; };
		2E7789A71D3387D8000F29D4 /* AFURLResponseSerialization.m */ = {isa = PBXFileReference; fileEncoding = 4; lastKnownFileType = sourcecode.c.objc; path = AFURLResponseSerialization.m; sourceTree = "<group>"; };
		2E7789A81D3387D8000F29D4 /* AFURLSessionManager.h */ = {isa = PBXFileReference; fileEncoding = 4; lastKnownFileType = sourcecode.c.h; path = AFURLSessionManager.h; sourceTree = "<group>"; };
		2E7789A91D3387D8000F29D4 /* AFURLSessionManager.m */ = {isa = PBXFileReference; fileEncoding = 4; lastKnownFileType = sourcecode.c.objc; path = AFURLSessionManager.m; sourceTree = "<group>"; };
		2E7789AA1D3387D8000F29D4 /* LICENSE */ = {isa = PBXFileReference; fileEncoding = 4; lastKnownFileType = text; path = LICENSE; sourceTree = "<group>"; };
		2E7789AB1D3387D8000F29D4 /* README.md */ = {isa = PBXFileReference; fileEncoding = 4; lastKnownFileType = net.daringfireball.markdown; path = README.md; sourceTree = "<group>"; };
		2E7789AD1D3387D8000F29D4 /* AFNetworkActivityIndicatorManager.h */ = {isa = PBXFileReference; fileEncoding = 4; lastKnownFileType = sourcecode.c.h; path = AFNetworkActivityIndicatorManager.h; sourceTree = "<group>"; };
		2E7789AE1D3387D8000F29D4 /* AFNetworkActivityIndicatorManager.m */ = {isa = PBXFileReference; fileEncoding = 4; lastKnownFileType = sourcecode.c.objc; path = AFNetworkActivityIndicatorManager.m; sourceTree = "<group>"; };
		2E7789AF1D3387D8000F29D4 /* UIActivityIndicatorView+AFNetworking.h */ = {isa = PBXFileReference; fileEncoding = 4; lastKnownFileType = sourcecode.c.h; path = "UIActivityIndicatorView+AFNetworking.h"; sourceTree = "<group>"; };
		2E7789B01D3387D8000F29D4 /* UIActivityIndicatorView+AFNetworking.m */ = {isa = PBXFileReference; fileEncoding = 4; lastKnownFileType = sourcecode.c.objc; path = "UIActivityIndicatorView+AFNetworking.m"; sourceTree = "<group>"; };
		2E7789B11D3387D8000F29D4 /* UIAlertView+AFNetworking.h */ = {isa = PBXFileReference; fileEncoding = 4; lastKnownFileType = sourcecode.c.h; path = "UIAlertView+AFNetworking.h"; sourceTree = "<group>"; };
		2E7789B21D3387D8000F29D4 /* UIAlertView+AFNetworking.m */ = {isa = PBXFileReference; fileEncoding = 4; lastKnownFileType = sourcecode.c.objc; path = "UIAlertView+AFNetworking.m"; sourceTree = "<group>"; };
		2E7789B31D3387D8000F29D4 /* UIButton+AFNetworking.h */ = {isa = PBXFileReference; fileEncoding = 4; lastKnownFileType = sourcecode.c.h; path = "UIButton+AFNetworking.h"; sourceTree = "<group>"; };
		2E7789B41D3387D8000F29D4 /* UIButton+AFNetworking.m */ = {isa = PBXFileReference; fileEncoding = 4; lastKnownFileType = sourcecode.c.objc; path = "UIButton+AFNetworking.m"; sourceTree = "<group>"; };
		2E7789B51D3387D8000F29D4 /* UIImage+AFNetworking.h */ = {isa = PBXFileReference; fileEncoding = 4; lastKnownFileType = sourcecode.c.h; path = "UIImage+AFNetworking.h"; sourceTree = "<group>"; };
		2E7789B61D3387D8000F29D4 /* UIImageView+AFNetworking.h */ = {isa = PBXFileReference; fileEncoding = 4; lastKnownFileType = sourcecode.c.h; path = "UIImageView+AFNetworking.h"; sourceTree = "<group>"; };
		2E7789B71D3387D8000F29D4 /* UIImageView+AFNetworking.m */ = {isa = PBXFileReference; fileEncoding = 4; lastKnownFileType = sourcecode.c.objc; path = "UIImageView+AFNetworking.m"; sourceTree = "<group>"; };
		2E7789B81D3387D8000F29D4 /* UIKit+AFNetworking.h */ = {isa = PBXFileReference; fileEncoding = 4; lastKnownFileType = sourcecode.c.h; path = "UIKit+AFNetworking.h"; sourceTree = "<group>"; };
		2E7789B91D3387D8000F29D4 /* UIProgressView+AFNetworking.h */ = {isa = PBXFileReference; fileEncoding = 4; lastKnownFileType = sourcecode.c.h; path = "UIProgressView+AFNetworking.h"; sourceTree = "<group>"; };
		2E7789BA1D3387D8000F29D4 /* UIProgressView+AFNetworking.m */ = {isa = PBXFileReference; fileEncoding = 4; lastKnownFileType = sourcecode.c.objc; path = "UIProgressView+AFNetworking.m"; sourceTree = "<group>"; };
		2E7789BB1D3387D8000F29D4 /* UIRefreshControl+AFNetworking.h */ = {isa = PBXFileReference; fileEncoding = 4; lastKnownFileType = sourcecode.c.h; path = "UIRefreshControl+AFNetworking.h"; sourceTree = "<group>"; };
		2E7789BC1D3387D8000F29D4 /* UIRefreshControl+AFNetworking.m */ = {isa = PBXFileReference; fileEncoding = 4; lastKnownFileType = sourcecode.c.objc; path = "UIRefreshControl+AFNetworking.m"; sourceTree = "<group>"; };
		2E7789BD1D3387D8000F29D4 /* UIWebView+AFNetworking.h */ = {isa = PBXFileReference; fileEncoding = 4; lastKnownFileType = sourcecode.c.h; path = "UIWebView+AFNetworking.h"; sourceTree = "<group>"; };
		2E7789BE1D3387D8000F29D4 /* UIWebView+AFNetworking.m */ = {isa = PBXFileReference; fileEncoding = 4; lastKnownFileType = sourcecode.c.objc; path = "UIWebView+AFNetworking.m"; sourceTree = "<group>"; };
		2E778A111D338D1B000F29D4 /* HttpRequestManager.h */ = {isa = PBXFileReference; fileEncoding = 4; lastKnownFileType = sourcecode.c.h; path = HttpRequestManager.h; sourceTree = "<group>"; };
		2E778A121D338D1B000F29D4 /* HttpRequestManager.m */ = {isa = PBXFileReference; fileEncoding = 4; lastKnownFileType = sourcecode.c.objc; path = HttpRequestManager.m; sourceTree = "<group>"; };
		2EAB7B1D1D3E064400D99762 /* 2.jpg */ = {isa = PBXFileReference; lastKnownFileType = image.jpeg; path = 2.jpg; sourceTree = "<group>"; };
		2EAB7B231D3E244B00D99762 /* 2.png */ = {isa = PBXFileReference; lastKnownFileType = image.png; path = 2.png; sourceTree = "<group>"; };
/* End PBXFileReference section */

/* Begin PBXFrameworksBuildPhase section */
		2E1DD1481D2F359E00997134 /* Frameworks */ = {
			isa = PBXFrameworksBuildPhase;
			buildActionMask = 2147483647;
			files = (
			);
			runOnlyForDeploymentPostprocessing = 0;
		};
		2E1DD1641D2F359E00997134 /* Frameworks */ = {
			isa = PBXFrameworksBuildPhase;
			buildActionMask = 2147483647;
			files = (
			);
			runOnlyForDeploymentPostprocessing = 0;
		};
		2E1DD16F1D2F359E00997134 /* Frameworks */ = {
			isa = PBXFrameworksBuildPhase;
			buildActionMask = 2147483647;
			files = (
			);
			runOnlyForDeploymentPostprocessing = 0;
		};
/* End PBXFrameworksBuildPhase section */

/* Begin PBXGroup section */
		2E1DD1421D2F359E00997134 = {
			isa = PBXGroup;
			children = (
				2E1DD14D1D2F359E00997134 /* IkkyuChegj */,
				2E1DD16A1D2F359E00997134 /* IkkyuChegjTests */,
				2E1DD1751D2F359E00997134 /* IkkyuChegjUITests */,
				2E1DD14C1D2F359E00997134 /* Products */,
			);
			sourceTree = "<group>";
		};
		2E1DD14C1D2F359E00997134 /* Products */ = {
			isa = PBXGroup;
			children = (
				2E1DD14B1D2F359E00997134 /* IkkyuChegj.app */,
				2E1DD1671D2F359E00997134 /* IkkyuChegjTests.xctest */,
				2E1DD1721D2F359E00997134 /* IkkyuChegjUITests.xctest */,
			);
			name = Products;
			sourceTree = "<group>";
		};
		2E1DD14D1D2F359E00997134 /* IkkyuChegj */ = {
			isa = PBXGroup;
			children = (
				2E1DD1851D2F35E400997134 /* Model */,
				2E1DD1871D2F35E400997134 /* View */,
				2E1DD1841D2F35E400997134 /* Controller */,
				2E1DD1861D2F35E400997134 /* Other */,
				2E1DD1511D2F359E00997134 /* AppDelegate.h */,
				2E1DD1521D2F359E00997134 /* AppDelegate.m */,
				2E1DD1F21D2F379000997134 /* MyHeader.h */,
				2E1DD1F31D2F379E00997134 /* PrefixHeader.pch */,
				2E1DD15D1D2F359E00997134 /* Assets.xcassets */,
				2EAB7B1D1D3E064400D99762 /* 2.jpg */,
				2EAB7B231D3E244B00D99762 /* 2.png */,
				2E1DD15F1D2F359E00997134 /* LaunchScreen.storyboard */,
				2E1DD1621D2F359E00997134 /* Info.plist */,
				2E1DD15A1D2F359E00997134 /* IkkyuChegj.xcdatamodeld */,
				2E1DD14E1D2F359E00997134 /* Supporting Files */,
			);
			path = IkkyuChegj;
			sourceTree = "<group>";
		};
		2E1DD14E1D2F359E00997134 /* Supporting Files */ = {
			isa = PBXGroup;
			children = (
				2E1DD14F1D2F359E00997134 /* main.m */,
			);
			name = "Supporting Files";
			sourceTree = "<group>";
		};
		2E1DD16A1D2F359E00997134 /* IkkyuChegjTests */ = {
			isa = PBXGroup;
			children = (
				2E1DD16B1D2F359E00997134 /* IkkyuChegjTests.m */,
				2E1DD16D1D2F359E00997134 /* Info.plist */,
			);
			path = IkkyuChegjTests;
			sourceTree = "<group>";
		};
		2E1DD1751D2F359E00997134 /* IkkyuChegjUITests */ = {
			isa = PBXGroup;
			children = (
				2E1DD1761D2F359E00997134 /* IkkyuChegjUITests.m */,
				2E1DD1781D2F359E00997134 /* Info.plist */,
			);
			path = IkkyuChegjUITests;
			sourceTree = "<group>";
		};
		2E1DD1841D2F35E400997134 /* Controller */ = {
			isa = PBXGroup;
			children = (
				2E1DD2091D2F470E00997134 /* Other */,
				2E1DD1941D2F363F00997134 /* WoDe */,
				2E1DD1901D2F361C00997134 /* Home */,
			);
			path = Controller;
			sourceTree = "<group>";
		};
		2E1DD1851D2F35E400997134 /* Model */ = {
			isa = PBXGroup;
			children = (
				2E1DD2431D2F48E600997134 /* Other */,
				2E1DD1981D2F366100997134 /* WoDe */,
				2E1DD18C1D2F360500997134 /* Home */,
			);
			path = Model;
			sourceTree = "<group>";
		};
		2E1DD1861D2F35E400997134 /* Other */ = {
			isa = PBXGroup;
			children = (
				2E1DD1F11D2F36CF00997134 /* Other */,
				2E1DD1F01D2F36BF00997134 /* Third */,
			);
			path = Other;
			sourceTree = "<group>";
		};
		2E1DD1871D2F35E400997134 /* View */ = {
			isa = PBXGroup;
			children = (
				2E1DD2451D2F494C00997134 /* Other */,
				2E1DD19C1D2F367A00997134 /* WoDe */,
				2E1DD1881D2F35EC00997134 /* Home */,
			);
			path = View;
			sourceTree = "<group>";
		};
		2E1DD1881D2F35EC00997134 /* Home */ = {
			isa = PBXGroup;
			children = (
				2E1DD1891D2F35FF00997134 /* HomeView_1.h */,
				2E1DD18A1D2F35FF00997134 /* HomeView_1.m */,
				2E7789921D335326000F29D4 /* HomeTopCollectionViewCell.h */,
				2E7789931D335326000F29D4 /* HomeTopCollectionViewCell.m */,
			);
			name = Home;
			sourceTree = "<group>";
		};
		2E1DD18C1D2F360500997134 /* Home */ = {
			isa = PBXGroup;
			children = (
				2E1DD18D1D2F361800997134 /* HomeModel_1.h */,
				2E1DD18E1D2F361800997134 /* HomeModel_1.m */,
			);
			name = Home;
			sourceTree = "<group>";
		};
		2E1DD1901D2F361C00997134 /* Home */ = {
			isa = PBXGroup;
			children = (
				2E1DD1911D2F363600997134 /* IkkyuChegjHomeViewController.h */,
				2E1DD1921D2F363600997134 /* IkkyuChegjHomeViewController.m */,
			);
			name = Home;
			sourceTree = "<group>";
		};
		2E1DD1941D2F363F00997134 /* WoDe */ = {
			isa = PBXGroup;
			children = (
				2E1DD1951D2F365A00997134 /* IkkyuChegjWoDeViewController.h */,
				2E1DD1961D2F365A00997134 /* IkkyuChegjWoDeViewController.m */,
			);
			name = WoDe;
			sourceTree = "<group>";
		};
		2E1DD1981D2F366100997134 /* WoDe */ = {
			isa = PBXGroup;
			children = (
				2E1DD1991D2F367600997134 /* WoDeModel_1.h */,
				2E1DD19A1D2F367600997134 /* WoDeModel_1.m */,
			);
			name = WoDe;
			sourceTree = "<group>";
		};
		2E1DD19C1D2F367A00997134 /* WoDe */ = {
			isa = PBXGroup;
			children = (
				2E1DD19D1D2F368D00997134 /* WoDeView_1.h */,
				2E1DD19E1D2F368D00997134 /* WoDeView_1.m */,
			);
			name = WoDe;
			sourceTree = "<group>";
		};
		2E1DD1A11D2F36AB00997134 /* MBProgressHUD */ = {
			isa = PBXGroup;
			children = (
				2E1DD1A21D2F36AB00997134 /* MBProgressHUD.h */,
				2E1DD1A31D2F36AB00997134 /* MBProgressHUD.m */,
			);
			path = MBProgressHUD;
			sourceTree = "<group>";
		};
		2E1DD1A41D2F36AB00997134 /* MJRefresh */ = {
			isa = PBXGroup;
			children = (
				2E1DD1A51D2F36AB00997134 /* MJRefresh.bundle */,
				2E1DD1A61D2F36AB00997134 /* MJRefresh.h */,
				2E1DD1A71D2F36AB00997134 /* MJRefreshBaseView.h */,
				2E1DD1A81D2F36AB00997134 /* MJRefreshBaseView.m */,
				2E1DD1A91D2F36AB00997134 /* MJRefreshConst.h */,
				2E1DD1AA1D2F36AB00997134 /* MJRefreshConst.m */,
				2E1DD1AB1D2F36AB00997134 /* MJRefreshFooterView.h */,
				2E1DD1AC1D2F36AB00997134 /* MJRefreshFooterView.m */,
				2E1DD1AD1D2F36AB00997134 /* MJRefreshHeaderView.h */,
				2E1DD1AE1D2F36AB00997134 /* MJRefreshHeaderView.m */,
				2E1DD1AF1D2F36AB00997134 /* UIScrollView+MJExtension.h */,
				2E1DD1B01D2F36AB00997134 /* UIScrollView+MJExtension.m */,
				2E1DD1B11D2F36AB00997134 /* UIScrollView+MJRefresh.h */,
				2E1DD1B21D2F36AB00997134 /* UIScrollView+MJRefresh.m */,
				2E1DD1B31D2F36AB00997134 /* UIView+MJExtension.h */,
				2E1DD1B41D2F36AB00997134 /* UIView+MJExtension.m */,
			);
			path = MJRefresh;
			sourceTree = "<group>";
		};
		2E1DD1B51D2F36AB00997134 /* SDWebImage */ = {
			isa = PBXGroup;
			children = (
				2E1DD1B61D2F36AB00997134 /* MKAnnotationView+WebCache.h */,
				2E1DD1B71D2F36AB00997134 /* MKAnnotationView+WebCache.m */,
				2E1DD1B81D2F36AB00997134 /* NSData+ImageContentType.h */,
				2E1DD1B91D2F36AB00997134 /* NSData+ImageContentType.m */,
				2E1DD1BA1D2F36AB00997134 /* SDImageCache.h */,
				2E1DD1BB1D2F36AB00997134 /* SDImageCache.m */,
				2E1DD1BC1D2F36AB00997134 /* SDWebImageCompat.h */,
				2E1DD1BD1D2F36AB00997134 /* SDWebImageCompat.m */,
				2E1DD1BE1D2F36AB00997134 /* SDWebImageDecoder.h */,
				2E1DD1BF1D2F36AB00997134 /* SDWebImageDecoder.m */,
				2E1DD1C01D2F36AB00997134 /* SDWebImageDownloader.h */,
				2E1DD1C11D2F36AB00997134 /* SDWebImageDownloader.m */,
				2E1DD1C21D2F36AB00997134 /* SDWebImageDownloaderOperation.h */,
				2E1DD1C31D2F36AB00997134 /* SDWebImageDownloaderOperation.m */,
				2E1DD1C41D2F36AB00997134 /* SDWebImageManager.h */,
				2E1DD1C51D2F36AB00997134 /* SDWebImageManager.m */,
				2E1DD1C61D2F36AB00997134 /* SDWebImageOperation.h */,
				2E1DD1C71D2F36AB00997134 /* SDWebImagePrefetcher.h */,
				2E1DD1C81D2F36AB00997134 /* SDWebImagePrefetcher.m */,
				2E1DD1C91D2F36AB00997134 /* UIButton+WebCache.h */,
				2E1DD1CA1D2F36AB00997134 /* UIButton+WebCache.m */,
				2E1DD1CB1D2F36AB00997134 /* UIImage+GIF.h */,
				2E1DD1CC1D2F36AB00997134 /* UIImage+GIF.m */,
				2E1DD1CD1D2F36AB00997134 /* UIImage+MultiFormat.h */,
				2E1DD1CE1D2F36AB00997134 /* UIImage+MultiFormat.m */,
				2E1DD1CF1D2F36AB00997134 /* UIImage+WebP.h */,
				2E1DD1D01D2F36AB00997134 /* UIImage+WebP.m */,
				2E1DD1D11D2F36AB00997134 /* UIImageView+HighlightedWebCache.h */,
				2E1DD1D21D2F36AB00997134 /* UIImageView+HighlightedWebCache.m */,
				2E1DD1D31D2F36AB00997134 /* UIImageView+WebCache.h */,
				2E1DD1D41D2F36AB00997134 /* UIImageView+WebCache.m */,
				2E1DD1D51D2F36AB00997134 /* UIView+WebCacheOperation.h */,
				2E1DD1D61D2F36AB00997134 /* UIView+WebCacheOperation.m */,
			);
			path = SDWebImage;
			sourceTree = "<group>";
		};
		2E1DD1F01D2F36BF00997134 /* Third */ = {
			isa = PBXGroup;
			children = (
				2E7789951D3387D8000F29D4 /* AFNetworking */,
				2E1DD1A11D2F36AB00997134 /* MBProgressHUD */,
				2E1DD1A41D2F36AB00997134 /* MJRefresh */,
				2E1DD1B51D2F36AB00997134 /* SDWebImage */,
			);
			name = Third;
			sourceTree = "<group>";
		};
		2E1DD1F11D2F36CF00997134 /* Other */ = {
			isa = PBXGroup;
			children = (
				2E1DD2061D2F455F00997134 /* IkkyuChegjNavigationController.h */,
				2E1DD2071D2F455F00997134 /* IkkyuChegjNavigationController.m */,
				2E1DD1F41D2F454900997134 /* BaseCollectionViewCell.h */,
				2E1DD1F51D2F454900997134 /* BaseCollectionViewCell.m */,
				2E1DD1F61D2F454900997134 /* IkkyuChegjTabBarViewController.h */,
				2E1DD1F71D2F454900997134 /* IkkyuChegjTabBarViewController.m */,
				2E1DD1F81D2F454900997134 /* UIBarButtonItem+Extension.h */,
				2E1DD1F91D2F454900997134 /* UIBarButtonItem+Extension.m */,
				2E1DD1FA1D2F454900997134 /* UIFont+Extension.h */,
				2E1DD1FB1D2F454900997134 /* UIFont+Extension.m */,
				2E1DD1FC1D2F454900997134 /* UIImage+Extension.h */,
				2E1DD1FD1D2F454900997134 /* UIImage+Extension.m */,
				2E1DD1FE1D2F454900997134 /* UIView+Extension.h */,
				2E1DD1FF1D2F454900997134 /* UIView+Extension.m */,
			);
			name = Other;
			sourceTree = "<group>";
		};
		2E1DD2091D2F470E00997134 /* Other */ = {
			isa = PBXGroup;
			children = (
				2E1DD20A1D2F472600997134 /* CitySelectedViewController.h */,
				2E1DD20B1D2F472600997134 /* CitySelectedViewController.m */,
				2E1DD24C1D2F531700997134 /* MessageViewController.h */,
				2E1DD24D1D2F531700997134 /* MessageViewController.m */,
			);
			name = Other;
			sourceTree = "<group>";
		};
		2E1DD2431D2F48E600997134 /* Other */ = {
			isa = PBXGroup;
			children = (
				2E1DD2491D2F499E00997134 /* CitySelectedModel.h */,
				2E1DD24A1D2F499E00997134 /* CitySelectedModel.m */,
			);
			name = Other;
			sourceTree = "<group>";
		};
		2E1DD2451D2F494C00997134 /* Other */ = {
			isa = PBXGroup;
			children = (
				2E1DD2461D2F497800997134 /* CitySelectTableViewCell.h */,
				2E1DD2471D2F497800997134 /* CitySelectTableViewCell.m */,
			);
			name = Other;
			sourceTree = "<group>";
		};
		2E7789951D3387D8000F29D4 /* AFNetworking */ = {
			isa = PBXGroup;
			children = (
				2E7789961D3387D8000F29D4 /* AFNetworking */,
				2E7789AA1D3387D8000F29D4 /* LICENSE */,
				2E7789AB1D3387D8000F29D4 /* README.md */,
				2E7789AC1D3387D8000F29D4 /* UIKit+AFNetworking */,
				2E778A111D338D1B000F29D4 /* HttpRequestManager.h */,
				2E778A121D338D1B000F29D4 /* HttpRequestManager.m */,
			);
			path = AFNetworking;
			sourceTree = "<group>";
		};
		2E7789961D3387D8000F29D4 /* AFNetworking */ = {
			isa = PBXGroup;
			children = (
				2E7789971D3387D8000F29D4 /* AFHTTPRequestOperation.h */,
				2E7789981D3387D8000F29D4 /* AFHTTPRequestOperation.m */,
				2E7789991D3387D8000F29D4 /* AFHTTPRequestOperationManager.h */,
				2E77899A1D3387D8000F29D4 /* AFHTTPRequestOperationManager.m */,
				2E77899B1D3387D8000F29D4 /* AFHTTPSessionManager.h */,
				2E77899C1D3387D8000F29D4 /* AFHTTPSessionManager.m */,
				2E77899D1D3387D8000F29D4 /* AFNetworking.h */,
				2E77899E1D3387D8000F29D4 /* AFNetworkReachabilityManager.h */,
				2E77899F1D3387D8000F29D4 /* AFNetworkReachabilityManager.m */,
				2E7789A01D3387D8000F29D4 /* AFSecurityPolicy.h */,
				2E7789A11D3387D8000F29D4 /* AFSecurityPolicy.m */,
				2E7789A21D3387D8000F29D4 /* AFURLConnectionOperation.h */,
				2E7789A31D3387D8000F29D4 /* AFURLConnectionOperation.m */,
				2E7789A41D3387D8000F29D4 /* AFURLRequestSerialization.h */,
				2E7789A51D3387D8000F29D4 /* AFURLRequestSerialization.m */,
				2E7789A61D3387D8000F29D4 /* AFURLResponseSerialization.h */,
				2E7789A71D3387D8000F29D4 /* AFURLResponseSerialization.m */,
				2E7789A81D3387D8000F29D4 /* AFURLSessionManager.h */,
				2E7789A91D3387D8000F29D4 /* AFURLSessionManager.m */,
			);
			path = AFNetworking;
			sourceTree = "<group>";
		};
		2E7789AC1D3387D8000F29D4 /* UIKit+AFNetworking */ = {
			isa = PBXGroup;
			children = (
				2E7789AD1D3387D8000F29D4 /* AFNetworkActivityIndicatorManager.h */,
				2E7789AE1D3387D8000F29D4 /* AFNetworkActivityIndicatorManager.m */,
				2E7789AF1D3387D8000F29D4 /* UIActivityIndicatorView+AFNetworking.h */,
				2E7789B01D3387D8000F29D4 /* UIActivityIndicatorView+AFNetworking.m */,
				2E7789B11D3387D8000F29D4 /* UIAlertView+AFNetworking.h */,
				2E7789B21D3387D8000F29D4 /* UIAlertView+AFNetworking.m */,
				2E7789B31D3387D8000F29D4 /* UIButton+AFNetworking.h */,
				2E7789B41D3387D8000F29D4 /* UIButton+AFNetworking.m */,
				2E7789B51D3387D8000F29D4 /* UIImage+AFNetworking.h */,
				2E7789B61D3387D8000F29D4 /* UIImageView+AFNetworking.h */,
				2E7789B71D3387D8000F29D4 /* UIImageView+AFNetworking.m */,
				2E7789B81D3387D8000F29D4 /* UIKit+AFNetworking.h */,
				2E7789B91D3387D8000F29D4 /* UIProgressView+AFNetworking.h */,
				2E7789BA1D3387D8000F29D4 /* UIProgressView+AFNetworking.m */,
				2E7789BB1D3387D8000F29D4 /* UIRefreshControl+AFNetworking.h */,
				2E7789BC1D3387D8000F29D4 /* UIRefreshControl+AFNetworking.m */,
				2E7789BD1D3387D8000F29D4 /* UIWebView+AFNetworking.h */,
				2E7789BE1D3387D8000F29D4 /* UIWebView+AFNetworking.m */,
			);
			path = "UIKit+AFNetworking";
			sourceTree = "<group>";
		};
/* End PBXGroup section */

/* Begin PBXNativeTarget section */
		2E1DD14A1D2F359E00997134 /* IkkyuChegj */ = {
			isa = PBXNativeTarget;
			buildConfigurationList = 2E1DD17B1D2F359E00997134 /* Build configuration list for PBXNativeTarget "IkkyuChegj" */;
			buildPhases = (
				2E1DD1471D2F359E00997134 /* Sources */,
				2E1DD1481D2F359E00997134 /* Frameworks */,
				2E1DD1491D2F359E00997134 /* Resources */,
			);
			buildRules = (
			);
			dependencies = (
			);
			name = IkkyuChegj;
			productName = IkkyuChegj;
			productReference = 2E1DD14B1D2F359E00997134 /* IkkyuChegj.app */;
			productType = "com.apple.product-type.application";
		};
		2E1DD1661D2F359E00997134 /* IkkyuChegjTests */ = {
			isa = PBXNativeTarget;
			buildConfigurationList = 2E1DD17E1D2F359E00997134 /* Build configuration list for PBXNativeTarget "IkkyuChegjTests" */;
			buildPhases = (
				2E1DD1631D2F359E00997134 /* Sources */,
				2E1DD1641D2F359E00997134 /* Frameworks */,
				2E1DD1651D2F359E00997134 /* Resources */,
			);
			buildRules = (
			);
			dependencies = (
				2E1DD1691D2F359E00997134 /* PBXTargetDependency */,
			);
			name = IkkyuChegjTests;
			productName = IkkyuChegjTests;
			productReference = 2E1DD1671D2F359E00997134 /* IkkyuChegjTests.xctest */;
			productType = "com.apple.product-type.bundle.unit-test";
		};
		2E1DD1711D2F359E00997134 /* IkkyuChegjUITests */ = {
			isa = PBXNativeTarget;
			buildConfigurationList = 2E1DD1811D2F359E00997134 /* Build configuration list for PBXNativeTarget "IkkyuChegjUITests" */;
			buildPhases = (
				2E1DD16E1D2F359E00997134 /* Sources */,
				2E1DD16F1D2F359E00997134 /* Frameworks */,
				2E1DD1701D2F359E00997134 /* Resources */,
			);
			buildRules = (
			);
			dependencies = (
				2E1DD1741D2F359E00997134 /* PBXTargetDependency */,
			);
			name = IkkyuChegjUITests;
			productName = IkkyuChegjUITests;
			productReference = 2E1DD1721D2F359E00997134 /* IkkyuChegjUITests.xctest */;
			productType = "com.apple.product-type.bundle.ui-testing";
		};
/* End PBXNativeTarget section */

/* Begin PBXProject section */
		2E1DD1431D2F359E00997134 /* Project object */ = {
			isa = PBXProject;
			attributes = {
				LastUpgradeCheck = 0730;
				ORGANIZATIONNAME = sjzshtx;
				TargetAttributes = {
					2E1DD14A1D2F359E00997134 = {
						CreatedOnToolsVersion = 7.3.1;
						DevelopmentTeam = NYML56J84R;
					};
					2E1DD1661D2F359E00997134 = {
						CreatedOnToolsVersion = 7.3.1;
						TestTargetID = 2E1DD14A1D2F359E00997134;
					};
					2E1DD1711D2F359E00997134 = {
						CreatedOnToolsVersion = 7.3.1;
						TestTargetID = 2E1DD14A1D2F359E00997134;
					};
				};
			};
			buildConfigurationList = 2E1DD1461D2F359E00997134 /* Build configuration list for PBXProject "IkkyuChegj" */;
			compatibilityVersion = "Xcode 3.2";
			developmentRegion = English;
			hasScannedForEncodings = 0;
			knownRegions = (
				en,
				Base,
			);
			mainGroup = 2E1DD1421D2F359E00997134;
			productRefGroup = 2E1DD14C1D2F359E00997134 /* Products */;
			projectDirPath = "";
			projectRoot = "";
			targets = (
				2E1DD14A1D2F359E00997134 /* IkkyuChegj */,
				2E1DD1661D2F359E00997134 /* IkkyuChegjTests */,
				2E1DD1711D2F359E00997134 /* IkkyuChegjUITests */,
			);
		};
/* End PBXProject section */

/* Begin PBXResourcesBuildPhase section */
		2E1DD1491D2F359E00997134 /* Resources */ = {
			isa = PBXResourcesBuildPhase;
			buildActionMask = 2147483647;
			files = (
				2EAB7B241D3E244B00D99762 /* 2.png in Resources */,
				2E1DD1611D2F359E00997134 /* LaunchScreen.storyboard in Resources */,
				2E1DD15E1D2F359E00997134 /* Assets.xcassets in Resources */,
				2E7789C81D3387D8000F29D4 /* LICENSE in Resources */,
				2E1DD1D81D2F36AB00997134 /* MJRefresh.bundle in Resources */,
				2EAB7B1E1D3E064400D99762 /* 2.jpg in Resources */,
			);
			runOnlyForDeploymentPostprocessing = 0;
		};
		2E1DD1651D2F359E00997134 /* Resources */ = {
			isa = PBXResourcesBuildPhase;
			buildActionMask = 2147483647;
			files = (
			);
			runOnlyForDeploymentPostprocessing = 0;
		};
		2E1DD1701D2F359E00997134 /* Resources */ = {
			isa = PBXResourcesBuildPhase;
			buildActionMask = 2147483647;
			files = (
			);
			runOnlyForDeploymentPostprocessing = 0;
		};
/* End PBXResourcesBuildPhase section */

/* Begin PBXSourcesBuildPhase section */
		2E1DD1471D2F359E00997134 /* Sources */ = {
			isa = PBXSourcesBuildPhase;
			buildActionMask = 2147483647;
			files = (
				2E1DD1EF1D2F36AB00997134 /* UIView+WebCacheOperation.m in Sources */,
				2E1DD1DA1D2F36AB00997134 /* MJRefreshConst.m in Sources */,
				2E1DD2481D2F497800997134 /* CitySelectTableViewCell.m in Sources */,
				2E1DD1ED1D2F36AB00997134 /* UIImageView+HighlightedWebCache.m in Sources */,
				2E1DD18B1D2F35FF00997134 /* HomeView_1.m in Sources */,
				2E7789941D335326000F29D4 /* HomeTopCollectionViewCell.m in Sources */,
				2E1DD18F1D2F361800997134 /* HomeModel_1.m in Sources */,
				2E1DD24E1D2F531700997134 /* MessageViewController.m in Sources */,
				2E1DD1931D2F363600997134 /* IkkyuChegjHomeViewController.m in Sources */,
				2E1DD1E71D2F36AB00997134 /* SDWebImageManager.m in Sources */,
				2E1DD24B1D2F499E00997134 /* CitySelectedModel.m in Sources */,
				2E1DD2041D2F454900997134 /* UIImage+Extension.m in Sources */,
				2E1DD1E41D2F36AB00997134 /* SDWebImageDecoder.m in Sources */,
				2E1DD1D71D2F36AB00997134 /* MBProgressHUD.m in Sources */,
				2E1DD1DC1D2F36AB00997134 /* MJRefreshHeaderView.m in Sources */,
				2E1DD1E81D2F36AB00997134 /* SDWebImagePrefetcher.m in Sources */,
				2E7789C41D3387D8000F29D4 /* AFURLConnectionOperation.m in Sources */,
				2E7789D01D3387D8000F29D4 /* UIRefreshControl+AFNetworking.m in Sources */,
				2E1DD1EE1D2F36AB00997134 /* UIImageView+WebCache.m in Sources */,
				2E1DD1DB1D2F36AB00997134 /* MJRefreshFooterView.m in Sources */,
				2E7789C61D3387D8000F29D4 /* AFURLResponseSerialization.m in Sources */,
				2E1DD19B1D2F367600997134 /* WoDeModel_1.m in Sources */,
				2E1DD20C1D2F472600997134 /* CitySelectedViewController.m in Sources */,
				2E7789C11D3387D8000F29D4 /* AFHTTPSessionManager.m in Sources */,
				2E7789CD1D3387D8000F29D4 /* UIButton+AFNetworking.m in Sources */,
				2E1DD2051D2F454900997134 /* UIView+Extension.m in Sources */,
				2E1DD1D91D2F36AB00997134 /* MJRefreshBaseView.m in Sources */,
				2E1DD2011D2F454900997134 /* IkkyuChegjTabBarViewController.m in Sources */,
				2E7789C21D3387D8000F29D4 /* AFNetworkReachabilityManager.m in Sources */,
				2E1DD1EA1D2F36AB00997134 /* UIImage+GIF.m in Sources */,
				2E7789CF1D3387D8000F29D4 /* UIProgressView+AFNetworking.m in Sources */,
				2E1DD1EC1D2F36AB00997134 /* UIImage+WebP.m in Sources */,
				2E1DD1E11D2F36AB00997134 /* NSData+ImageContentType.m in Sources */,
				2E1DD1E31D2F36AB00997134 /* SDWebImageCompat.m in Sources */,
				2E1DD1DE1D2F36AB00997134 /* UIScrollView+MJRefresh.m in Sources */,
				2E1DD15C1D2F359E00997134 /* IkkyuChegj.xcdatamodeld in Sources */,
				2E7789CB1D3387D8000F29D4 /* UIActivityIndicatorView+AFNetworking.m in Sources */,
				2E1DD1E21D2F36AB00997134 /* SDImageCache.m in Sources */,
				2E1DD1E51D2F36AB00997134 /* SDWebImageDownloader.m in Sources */,
				2E1DD2021D2F454900997134 /* UIBarButtonItem+Extension.m in Sources */,
				2E1DD2031D2F454900997134 /* UIFont+Extension.m in Sources */,
				2E7789CA1D3387D8000F29D4 /* AFNetworkActivityIndicatorManager.m in Sources */,
				2E7789CE1D3387D8000F29D4 /* UIImageView+AFNetworking.m in Sources */,
				2E7789C71D3387D8000F29D4 /* AFURLSessionManager.m in Sources */,
				2E1DD2001D2F454900997134 /* BaseCollectionViewCell.m in Sources */,
				2E1DD1971D2F365A00997134 /* IkkyuChegjWoDeViewController.m in Sources */,
				2E1DD1DF1D2F36AB00997134 /* UIView+MJExtension.m in Sources */,
				2E1DD1EB1D2F36AB00997134 /* UIImage+MultiFormat.m in Sources */,
				2E7789C91D3387D8000F29D4 /* README.md in Sources */,
				2E1DD1E91D2F36AB00997134 /* UIButton+WebCache.m in Sources */,
				2E1DD1DD1D2F36AB00997134 /* UIScrollView+MJExtension.m in Sources */,
				2E778A131D338D1B000F29D4 /* HttpRequestManager.m in Sources */,
				2E7789C01D3387D8000F29D4 /* AFHTTPRequestOperationManager.m in Sources */,
				2E1DD2081D2F455F00997134 /* IkkyuChegjNavigationController.m in Sources */,
				2E7789D11D3387D8000F29D4 /* UIWebView+AFNetworking.m in Sources */,
				2E1DD1E01D2F36AB00997134 /* MKAnnotationView+WebCache.m in Sources */,
				2E1DD1E61D2F36AB00997134 /* SDWebImageDownloaderOperation.m in Sources */,
				2E7789CC1D3387D8000F29D4 /* UIAlertView+AFNetworking.m in Sources */,
				2E7789BF1D3387D8000F29D4 /* AFHTTPRequestOperation.m in Sources */,
				2E7789C51D3387D8000F29D4 /* AFURLRequestSerialization.m in Sources */,
				2E1DD1531D2F359E00997134 /* AppDelegate.m in Sources */,
				2E1DD1501D2F359E00997134 /* main.m in Sources */,
				2E7789C31D3387D8000F29D4 /* AFSecurityPolicy.m in Sources */,
				2E1DD19F1D2F368D00997134 /* WoDeView_1.m in Sources */,
			);
			runOnlyForDeploymentPostprocessing = 0;
		};
		2E1DD1631D2F359E00997134 /* Sources */ = {
			isa = PBXSourcesBuildPhase;
			buildActionMask = 2147483647;
			files = (
				2E1DD16C1D2F359E00997134 /* IkkyuChegjTests.m in Sources */,
			);
			runOnlyForDeploymentPostprocessing = 0;
		};
		2E1DD16E1D2F359E00997134 /* Sources */ = {
			isa = PBXSourcesBuildPhase;
			buildActionMask = 2147483647;
			files = (
				2E1DD1771D2F359E00997134 /* IkkyuChegjUITests.m in Sources */,
			);
			runOnlyForDeploymentPostprocessing = 0;
		};
/* End PBXSourcesBuildPhase section */

/* Begin PBXTargetDependency section */
		2E1DD1691D2F359E00997134 /* PBXTargetDependency */ = {
			isa = PBXTargetDependency;
			target = 2E1DD14A1D2F359E00997134 /* IkkyuChegj */;
			targetProxy = 2E1DD1681D2F359E00997134 /* PBXContainerItemProxy */;
		};
		2E1DD1741D2F359E00997134 /* PBXTargetDependency */ = {
			isa = PBXTargetDependency;
			target = 2E1DD14A1D2F359E00997134 /* IkkyuChegj */;
			targetProxy = 2E1DD1731D2F359E00997134 /* PBXContainerItemProxy */;
		};
/* End PBXTargetDependency section */

/* Begin PBXVariantGroup section */
		2E1DD15F1D2F359E00997134 /* LaunchScreen.storyboard */ = {
			isa = PBXVariantGroup;
			children = (
				2E1DD1601D2F359E00997134 /* Base */,
			);
			name = LaunchScreen.storyboard;
			sourceTree = "<group>";
		};
/* End PBXVariantGroup section */

/* Begin XCBuildConfiguration section */
		2E1DD1791D2F359E00997134 /* Debug */ = {
			isa = XCBuildConfiguration;
			buildSettings = {
				ALWAYS_SEARCH_USER_PATHS = NO;
				CLANG_ANALYZER_NONNULL = YES;
				CLANG_CXX_LANGUAGE_STANDARD = "gnu++0x";
				CLANG_CXX_LIBRARY = "libc++";
				CLANG_ENABLE_MODULES = YES;
				CLANG_ENABLE_OBJC_ARC = YES;
				CLANG_WARN_BOOL_CONVERSION = YES;
				CLANG_WARN_CONSTANT_CONVERSION = YES;
				CLANG_WARN_DIRECT_OBJC_ISA_USAGE = YES_ERROR;
				CLANG_WARN_EMPTY_BODY = YES;
				CLANG_WARN_ENUM_CONVERSION = YES;
				CLANG_WARN_INT_CONVERSION = YES;
				CLANG_WARN_OBJC_ROOT_CLASS = YES_ERROR;
				CLANG_WARN_UNREACHABLE_CODE = YES;
				CLANG_WARN__DUPLICATE_METHOD_MATCH = YES;
				"CODE_SIGN_IDENTITY[sdk=iphoneos*]" = "iPhone Developer";
				COPY_PHASE_STRIP = NO;
				DEBUG_INFORMATION_FORMAT = dwarf;
				ENABLE_STRICT_OBJC_MSGSEND = YES;
				ENABLE_TESTABILITY = YES;
				GCC_C_LANGUAGE_STANDARD = gnu99;
				GCC_DYNAMIC_NO_PIC = NO;
				GCC_NO_COMMON_BLOCKS = YES;
				GCC_OPTIMIZATION_LEVEL = 0;
				GCC_PREPROCESSOR_DEFINITIONS = (
					"DEBUG=1",
					"$(inherited)",
				);
				GCC_WARN_64_TO_32_BIT_CONVERSION = YES;
				GCC_WARN_ABOUT_RETURN_TYPE = YES_ERROR;
				GCC_WARN_UNDECLARED_SELECTOR = YES;
				GCC_WARN_UNINITIALIZED_AUTOS = YES_AGGRESSIVE;
				GCC_WARN_UNUSED_FUNCTION = YES;
				GCC_WARN_UNUSED_VARIABLE = YES;
				IPHONEOS_DEPLOYMENT_TARGET = 9.3;
				MTL_ENABLE_DEBUG_INFO = YES;
				ONLY_ACTIVE_ARCH = YES;
				SDKROOT = iphoneos;
				TARGETED_DEVICE_FAMILY = "1,2";
			};
			name = Debug;
		};
		2E1DD17A1D2F359E00997134 /* Release */ = {
			isa = XCBuildConfiguration;
			buildSettings = {
				ALWAYS_SEARCH_USER_PATHS = NO;
				CLANG_ANALYZER_NONNULL = YES;
				CLANG_CXX_LANGUAGE_STANDARD = "gnu++0x";
				CLANG_CXX_LIBRARY = "libc++";
				CLANG_ENABLE_MODULES = YES;
				CLANG_ENABLE_OBJC_ARC = YES;
				CLANG_WARN_BOOL_CONVERSION = YES;
				CLANG_WARN_CONSTANT_CONVERSION = YES;
				CLANG_WARN_DIRECT_OBJC_ISA_USAGE = YES_ERROR;
				CLANG_WARN_EMPTY_BODY = YES;
				CLANG_WARN_ENUM_CONVERSION = YES;
				CLANG_WARN_INT_CONVERSION = YES;
				CLANG_WARN_OBJC_ROOT_CLASS = YES_ERROR;
				CLANG_WARN_UNREACHABLE_CODE = YES;
				CLANG_WARN__DUPLICATE_METHOD_MATCH = YES;
				"CODE_SIGN_IDENTITY[sdk=iphoneos*]" = "iPhone Developer";
				COPY_PHASE_STRIP = NO;
				DEBUG_INFORMATION_FORMAT = "dwarf-with-dsym";
				ENABLE_NS_ASSERTIONS = NO;
				ENABLE_STRICT_OBJC_MSGSEND = YES;
				GCC_C_LANGUAGE_STANDARD = gnu99;
				GCC_NO_COMMON_BLOCKS = YES;
				GCC_WARN_64_TO_32_BIT_CONVERSION = YES;
				GCC_WARN_ABOUT_RETURN_TYPE = YES_ERROR;
				GCC_WARN_UNDECLARED_SELECTOR = YES;
				GCC_WARN_UNINITIALIZED_AUTOS = YES_AGGRESSIVE;
				GCC_WARN_UNUSED_FUNCTION = YES;
				GCC_WARN_UNUSED_VARIABLE = YES;
				IPHONEOS_DEPLOYMENT_TARGET = 9.3;
				MTL_ENABLE_DEBUG_INFO = NO;
				SDKROOT = iphoneos;
				TARGETED_DEVICE_FAMILY = "1,2";
				VALIDATE_PRODUCT = YES;
			};
			name = Release;
		};
		2E1DD17C1D2F359E00997134 /* Debug */ = {
			isa = XCBuildConfiguration;
			buildSettings = {
				ASSETCATALOG_COMPILER_APPICON_NAME = AppIcon;
				CODE_SIGN_IDENTITY = "iPhone Developer";
				"CODE_SIGN_IDENTITY[sdk=iphoneos*]" = "iPhone Developer";
				GCC_PREFIX_HEADER = IkkyuChegj/PrefixHeader.pch;
				INFOPLIST_FILE = IkkyuChegj/Info.plist;
				LD_RUNPATH_SEARCH_PATHS = "$(inherited) @executable_path/Frameworks";
				PRODUCT_BUNDLE_IDENTIFIER = com.hbshtx.ios.ikkyuchegj.IkkyuChegj;
				PRODUCT_NAME = "$(TARGET_NAME)";
				PROVISIONING_PROFILE = "";
			};
			name = Debug;
		};
		2E1DD17D1D2F359E00997134 /* Release */ = {
			isa = XCBuildConfiguration;
			buildSettings = {
				ASSETCATALOG_COMPILER_APPICON_NAME = AppIcon;
				CODE_SIGN_IDENTITY = "iPhone Developer";
				"CODE_SIGN_IDENTITY[sdk=iphoneos*]" = "iPhone Developer";
				GCC_PREFIX_HEADER = IkkyuChegj/PrefixHeader.pch;
				INFOPLIST_FILE = IkkyuChegj/Info.plist;
				LD_RUNPATH_SEARCH_PATHS = "$(inherited) @executable_path/Frameworks";
				PRODUCT_BUNDLE_IDENTIFIER = com.hbshtx.ios.ikkyuchegj.IkkyuChegj;
				PRODUCT_NAME = "$(TARGET_NAME)";
				PROVISIONING_PROFILE = "";
			};
			name = Release;
		};
		2E1DD17F1D2F359E00997134 /* Debug */ = {
			isa = XCBuildConfiguration;
			buildSettings = {
				BUNDLE_LOADER = "$(TEST_HOST)";
				INFOPLIST_FILE = IkkyuChegjTests/Info.plist;
				LD_RUNPATH_SEARCH_PATHS = "$(inherited) @executable_path/Frameworks @loader_path/Frameworks";
				PRODUCT_BUNDLE_IDENTIFIER = com.hbshtx.ios.ikkyuchegj.IkkyuChegjTests;
				PRODUCT_NAME = "$(TARGET_NAME)";
				TEST_HOST = "$(BUILT_PRODUCTS_DIR)/IkkyuChegj.app/IkkyuChegj";
			};
			name = Debug;
		};
		2E1DD1801D2F359E00997134 /* Release */ = {
			isa = XCBuildConfiguration;
			buildSettings = {
				BUNDLE_LOADER = "$(TEST_HOST)";
				INFOPLIST_FILE = IkkyuChegjTests/Info.plist;
				LD_RUNPATH_SEARCH_PATHS = "$(inherited) @executable_path/Frameworks @loader_path/Frameworks";
				PRODUCT_BUNDLE_IDENTIFIER = com.hbshtx.ios.ikkyuchegj.IkkyuChegjTests;
				PRODUCT_NAME = "$(TARGET_NAME)";
				TEST_HOST = "$(BUILT_PRODUCTS_DIR)/IkkyuChegj.app/IkkyuChegj";
			};
			name = Release;
		};
		2E1DD1821D2F359E00997134 /* Debug */ = {
			isa = XCBuildConfiguration;
			buildSettings = {
				INFOPLIST_FILE = IkkyuChegjUITests/Info.plist;
				LD_RUNPATH_SEARCH_PATHS = "$(inherited) @executable_path/Frameworks @loader_path/Frameworks";
				PRODUCT_BUNDLE_IDENTIFIER = com.hbshtx.ios.ikkyuchegj.IkkyuChegjUITests;
				PRODUCT_NAME = "$(TARGET_NAME)";
				TEST_TARGET_NAME = IkkyuChegj;
			};
			name = Debug;
		};
		2E1DD1831D2F359E00997134 /* Release */ = {
			isa = XCBuildConfiguration;
			buildSettings = {
				INFOPLIST_FILE = IkkyuChegjUITests/Info.plist;
				LD_RUNPATH_SEARCH_PATHS = "$(inherited) @executable_path/Frameworks @loader_path/Frameworks";
				PRODUCT_BUNDLE_IDENTIFIER = com.hbshtx.ios.ikkyuchegj.IkkyuChegjUITests;
				PRODUCT_NAME = "$(TARGET_NAME)";
				TEST_TARGET_NAME = IkkyuChegj;
			};
			name = Release;
		};
/* End XCBuildConfiguration section */

/* Begin XCConfigurationList section */
		2E1DD1461D2F359E00997134 /* Build configuration list for PBXProject "IkkyuChegj" */ = {
			isa = XCConfigurationList;
			buildConfigurations = (
				2E1DD1791D2F359E00997134 /* Debug */,
				2E1DD17A1D2F359E00997134 /* Release */,
			);
			defaultConfigurationIsVisible = 0;
			defaultConfigurationName = Release;
		};
		2E1DD17B1D2F359E00997134 /* Build configuration list for PBXNativeTarget "IkkyuChegj" */ = {
			isa = XCConfigurationList;
			buildConfigurations = (
				2E1DD17C1D2F359E00997134 /* Debug */,
				2E1DD17D1D2F359E00997134 /* Release */,
			);
			defaultConfigurationIsVisible = 0;
			defaultConfigurationName = Release;
		};
		2E1DD17E1D2F359E00997134 /* Build configuration list for PBXNativeTarget "IkkyuChegjTests" */ = {
			isa = XCConfigurationList;
			buildConfigurations = (
				2E1DD17F1D2F359E00997134 /* Debug */,
				2E1DD1801D2F359E00997134 /* Release */,
			);
			defaultConfigurationIsVisible = 0;
			defaultConfigurationName = Release;
		};
		2E1DD1811D2F359E00997134 /* Build configuration list for PBXNativeTarget "IkkyuChegjUITests" */ = {
			isa = XCConfigurationList;
			buildConfigurations = (
				2E1DD1821D2F359E00997134 /* Debug */,
				2E1DD1831D2F359E00997134 /* Release */,
			);
			defaultConfigurationIsVisible = 0;
			defaultConfigurationName = Release;
		};
/* End XCConfigurationList section */

/* Begin XCVersionGroup section */
		2E1DD15A1D2F359E00997134 /* IkkyuChegj.xcdatamodeld */ = {
			isa = XCVersionGroup;
			children = (
				2E1DD15B1D2F359E00997134 /* IkkyuChegj.xcdatamodel */,
			);
			currentVersion = 2E1DD15B1D2F359E00997134 /* IkkyuChegj.xcdatamodel */;
			path = IkkyuChegj.xcdatamodeld;
			sourceTree = "<group>";
			versionGroupType = wrapper.xcdatamodel;
		};
/* End XCVersionGroup section */
	};
	rootObject = 2E1DD1431D2F359E00997134 /* Project object */;
}
