// !$*UTF8*$!
{
	archiveVersion = 1;
	classes = {
	};
	objectVersion = 46;
	objects = {

/* Begin PBXBuildFile section */
		2E1DD1501D2F359E00997134 /* main.m in Sources */ = {isa = PBXBuildFile; fileRef = 2E1DD14F1D2F359E00997134 /* main.m */; };
		2E1DD1531D2F359E00997134 /* AppDelegate.m in Sources */ = {isa = PBXBuildFile; fileRef = 2E1DD1521D2F359E00997134 /* AppDelegate.m */; };
		2E1DD1561D2F359E00997134 /* ViewController.m in Sources */ = {isa = PBXBuildFile; fileRef = 2E1DD1551D2F359E00997134 /* ViewController.m */; };
		2E1DD1591D2F359E00997134 /* Main.storyboard in Resources */ = {isa = PBXBuildFile; fileRef = 2E1DD1571D2F359E00997134 /* Main.storyboard */; };
		2E1DD15C1D2F359E00997134 /* IkkyuChegj.xcdatamodeld in Sources */ = {isa = PBXBuildFile; fileRef = 2E1DD15A1D2F359E00997134 /* IkkyuChegj.xcdatamodeld */; };
		2E1DD15E1D2F359E00997134 /* Assets.xcassets in Resources */ = {isa = PBXBuildFile; fileRef = 2E1DD15D1D2F359E00997134 /* Assets.xcassets */; };
		2E1DD1611D2F359E00997134 /* LaunchScreen.storyboard in Resources */ = {isa = PBXBuildFile; fileRef = 2E1DD15F1D2F359E00997134 /* LaunchScreen.storyboard */; };
		2E1DD16C1D2F359E00997134 /* IkkyuChegjTests.m in Sources */ = {isa = PBXBuildFile; fileRef = 2E1DD16B1D2F359E00997134 /* IkkyuChegjTests.m */; };
		2E1DD1771D2F359E00997134 /* IkkyuChegjUITests.m in Sources */ = {isa = PBXBuildFile; fileRef = 2E1DD1761D2F359E00997134 /* IkkyuChegjUITests.m */; };
/* End PBXBuildFile section */

/* Begin PBXContainerItemProxy section */
		2E1DD1681D2F359E00997134 /* PBXContainerItemProxy */ = {
			isa = PBXContainerItemProxy;
			containerPortal = 2E1DD1431D2F359E00997134 /* Project object */;
			proxyType = 1;
			remoteGlobalIDString = 2E1DD14A1D2F359E00997134;
			remoteInfo = IkkyuChegj;
		};
		2E1DD1731D2F359E00997134 /* PBXContainerItemProxy */ = {
			isa = PBXContainerItemProxy;
			containerPortal = 2E1DD1431D2F359E00997134 /* Project object */;
			proxyType = 1;
			remoteGlobalIDString = 2E1DD14A1D2F359E00997134;
			remoteInfo = IkkyuChegj;
		};
/* End PBXContainerItemProxy section */

/* Begin PBXFileReference section */
		2E1DD14B1D2F359E00997134 /* IkkyuChegj.app */ = {isa = PBXFileReference; explicitFileType = wrapper.application; includeInIndex = 0; path = IkkyuChegj.app; sourceTree = BUILT_PRODUCTS_DIR; };
		2E1DD14F1D2F359E00997134 /* main.m */ = {isa = PBXFileReference; lastKnownFileType = sourcecode.c.objc; path = main.m; sourceTree = "<group>"; };
		2E1DD1511D2F359E00997134 /* AppDelegate.h */ = {isa = PBXFileReference; lastKnownFileType = sourcecode.c.h; path = AppDelegate.h; sourceTree = "<group>"; };
		2E1DD1521D2F359E00997134 /* AppDelegate.m */ = {isa = PBXFileReference; lastKnownFileType = sourcecode.c.objc; path = AppDelegate.m; sourceTree = "<group>"; };
		2E1DD1541D2F359E00997134 /* ViewController.h */ = {isa = PBXFileReference; lastKnownFileType = sourcecode.c.h; path = ViewController.h; sourceTree = "<group>"; };
		2E1DD1551D2F359E00997134 /* ViewController.m */ = {isa = PBXFileReference; lastKnownFileType = sourcecode.c.objc; path = ViewController.m; sourceTree = "<group>"; };
		2E1DD1581D2F359E00997134 /* Base */ = {isa = PBXFileReference; lastKnownFileType = file.storyboard; name = Base; path = Base.lproj/Main.storyboard; sourceTree = "<group>"; };
		2E1DD15B1D2F359E00997134 /* IkkyuChegj.xcdatamodel */ = {isa = PBXFileReference; lastKnownFileType = wrapper.xcdatamodel; path = IkkyuChegj.xcdatamodel; sourceTree = "<group>"; };
		2E1DD15D1D2F359E00997134 /* Assets.xcassets */ = {isa = PBXFileReference; lastKnownFileType = folder.assetcatalog; path = Assets.xcassets; sourceTree = "<group>"; };
		2E1DD1601D2F359E00997134 /* Base */ = {isa = PBXFileReference; lastKnownFileType = file.storyboard; name = Base; path = Base.lproj/LaunchScreen.storyboard; sourceTree = "<group>"; };
		2E1DD1621D2F359E00997134 /* Info.plist */ = {isa = PBXFileReference; lastKnownFileType = text.plist.xml; path = Info.plist; sourceTree = "<group>"; };
		2E1DD1671D2F359E00997134 /* IkkyuChegjTests.xctest */ = {isa = PBXFileReference; explicitFileType = wrapper.cfbundle; includeInIndex = 0; path = IkkyuChegjTests.xctest; sourceTree = BUILT_PRODUCTS_DIR; };
		2E1DD16B1D2F359E00997134 /* IkkyuChegjTests.m */ = {isa = PBXFileReference; lastKnownFileType = sourcecode.c.objc; path = IkkyuChegjTests.m; sourceTree = "<group>"; };
		2E1DD16D1D2F359E00997134 /* Info.plist */ = {isa = PBXFileReference; lastKnownFileType = text.plist.xml; path = Info.plist; sourceTree = "<group>"; };
		2E1DD1721D2F359E00997134 /* IkkyuChegjUITests.xctest */ = {isa = PBXFileReference; explicitFileType = wrapper.cfbundle; includeInIndex = 0; path = IkkyuChegjUITests.xctest; sourceTree = BUILT_PRODUCTS_DIR; };
		2E1DD1761D2F359E00997134 /* IkkyuChegjUITests.m */ = {isa = PBXFileReference; lastKnownFileType = sourcecode.c.objc; path = IkkyuChegjUITests.m; sourceTree = "<group>"; };
		2E1DD1781D2F359E00997134 /* Info.plist */ = {isa = PBXFileReference; lastKnownFileType = text.plist.xml; path = Info.plist; sourceTree = "<group>"; };
/* End PBXFileReference section */

/* Begin PBXFrameworksBuildPhase section */
		2E1DD1481D2F359E00997134 /* Frameworks */ = {
			isa = PBXFrameworksBuildPhase;
			buildActionMask = 2147483647;
			files = (
			);
			runOnlyForDeploymentPostprocessing = 0;
		};
		2E1DD1641D2F359E00997134 /* Frameworks */ = {
			isa = PBXFrameworksBuildPhase;
			buildActionMask = 2147483647;
			files = (
			);
			runOnlyForDeploymentPostprocessing = 0;
		};
		2E1DD16F1D2F359E00997134 /* Frameworks */ = {
			isa = PBXFrameworksBuildPhase;
			buildActionMask = 2147483647;
			files = (
			);
			runOnlyForDeploymentPostprocessing = 0;
		};
/* End PBXFrameworksBuildPhase section */

/* Begin PBXGroup section */
		2E1DD1421D2F359E00997134 = {
			isa = PBXGroup;
			children = (
				2E1DD14D1D2F359E00997134 /* IkkyuChegj */,
				2E1DD16A1D2F359E00997134 /* IkkyuChegjTests */,
				2E1DD1751D2F359E00997134 /* IkkyuChegjUITests */,
				2E1DD14C1D2F359E00997134 /* Products */,
			);
			sourceTree = "<group>";
		};
		2E1DD14C1D2F359E00997134 /* Products */ = {
			isa = PBXGroup;
			children = (
				2E1DD14B1D2F359E00997134 /* IkkyuChegj.app */,
				2E1DD1671D2F359E00997134 /* IkkyuChegjTests.xctest */,
				2E1DD1721D2F359E00997134 /* IkkyuChegjUITests.xctest */,
			);
			name = Products;
			sourceTree = "<group>";
		};
		2E1DD14D1D2F359E00997134 /* IkkyuChegj */ = {
			isa = PBXGroup;
			children = (
				2E1DD1511D2F359E00997134 /* AppDelegate.h */,
				2E1DD1521D2F359E00997134 /* AppDelegate.m */,
				2E1DD1541D2F359E00997134 /* ViewController.h */,
				2E1DD1551D2F359E00997134 /* ViewController.m */,
				2E1DD1571D2F359E00997134 /* Main.storyboard */,
				2E1DD15D1D2F359E00997134 /* Assets.xcassets */,
				2E1DD15F1D2F359E00997134 /* LaunchScreen.storyboard */,
				2E1DD1621D2F359E00997134 /* Info.plist */,
				2E1DD15A1D2F359E00997134 /* IkkyuChegj.xcdatamodeld */,
				2E1DD14E1D2F359E00997134 /* Supporting Files */,
			);
			path = IkkyuChegj;
			sourceTree = "<group>";
		};
		2E1DD14E1D2F359E00997134 /* Supporting Files */ = {
			isa = PBXGroup;
			children = (
				2E1DD14F1D2F359E00997134 /* main.m */,
			);
			name = "Supporting Files";
			sourceTree = "<group>";
		};
		2E1DD16A1D2F359E00997134 /* IkkyuChegjTests */ = {
			isa = PBXGroup;
			children = (
				2E1DD16B1D2F359E00997134 /* IkkyuChegjTests.m */,
				2E1DD16D1D2F359E00997134 /* Info.plist */,
			);
			path = IkkyuChegjTests;
			sourceTree = "<group>";
		};
		2E1DD1751D2F359E00997134 /* IkkyuChegjUITests */ = {
			isa = PBXGroup;
			children = (
				2E1DD1761D2F359E00997134 /* IkkyuChegjUITests.m */,
				2E1DD1781D2F359E00997134 /* Info.plist */,
			);
			path = IkkyuChegjUITests;
			sourceTree = "<group>";
		};
/* End PBXGroup section */

/* Begin PBXNativeTarget section */
		2E1DD14A1D2F359E00997134 /* IkkyuChegj */ = {
			isa = PBXNativeTarget;
			buildConfigurationList = 2E1DD17B1D2F359E00997134 /* Build configuration list for PBXNativeTarget "IkkyuChegj" */;
			buildPhases = (
				2E1DD1471D2F359E00997134 /* Sources */,
				2E1DD1481D2F359E00997134 /* Frameworks */,
				2E1DD1491D2F359E00997134 /* Resources */,
			);
			buildRules = (
			);
			dependencies = (
			);
			name = IkkyuChegj;
			productName = IkkyuChegj;
			productReference = 2E1DD14B1D2F359E00997134 /* IkkyuChegj.app */;
			productType = "com.apple.product-type.application";
		};
		2E1DD1661D2F359E00997134 /* IkkyuChegjTests */ = {
			isa = PBXNativeTarget;
			buildConfigurationList = 2E1DD17E1D2F359E00997134 /* Build configuration list for PBXNativeTarget "IkkyuChegjTests" */;
			buildPhases = (
				2E1DD1631D2F359E00997134 /* Sources */,
				2E1DD1641D2F359E00997134 /* Frameworks */,
				2E1DD1651D2F359E00997134 /* Resources */,
			);
			buildRules = (
			);
			dependencies = (
				2E1DD1691D2F359E00997134 /* PBXTargetDependency */,
			);
			name = IkkyuChegjTests;
			productName = IkkyuChegjTests;
			productReference = 2E1DD1671D2F359E00997134 /* IkkyuChegjTests.xctest */;
			productType = "com.apple.product-type.bundle.unit-test";
		};
		2E1DD1711D2F359E00997134 /* IkkyuChegjUITests */ = {
			isa = PBXNativeTarget;
			buildConfigurationList = 2E1DD1811D2F359E00997134 /* Build configuration list for PBXNativeTarget "IkkyuChegjUITests" */;
			buildPhases = (
				2E1DD16E1D2F359E00997134 /* Sources */,
				2E1DD16F1D2F359E00997134 /* Frameworks */,
				2E1DD1701D2F359E00997134 /* Resources */,
			);
			buildRules = (
			);
			dependencies = (
				2E1DD1741D2F359E00997134 /* PBXTargetDependency */,
			);
			name = IkkyuChegjUITests;
			productName = IkkyuChegjUITests;
			productReference = 2E1DD1721D2F359E00997134 /* IkkyuChegjUITests.xctest */;
			productType = "com.apple.product-type.bundle.ui-testing";
		};
/* End PBXNativeTarget section */

/* Begin PBXProject section */
		2E1DD1431D2F359E00997134 /* Project object */ = {
			isa = PBXProject;
			attributes = {
				LastUpgradeCheck = 0730;
				ORGANIZATIONNAME = sjzshtx;
				TargetAttributes = {
					2E1DD14A1D2F359E00997134 = {
						CreatedOnToolsVersion = 7.3.1;
					};
					2E1DD1661D2F359E00997134 = {
						CreatedOnToolsVersion = 7.3.1;
						TestTargetID = 2E1DD14A1D2F359E00997134;
					};
					2E1DD1711D2F359E00997134 = {
						CreatedOnToolsVersion = 7.3.1;
						TestTargetID = 2E1DD14A1D2F359E00997134;
					};
				};
			};
			buildConfigurationList = 2E1DD1461D2F359E00997134 /* Build configuration list for PBXProject "IkkyuChegj" */;
			compatibilityVersion = "Xcode 3.2";
			developmentRegion = English;
			hasScannedForEncodings = 0;
			knownRegions = (
				en,
				Base,
			);
			mainGroup = 2E1DD1421D2F359E00997134;
			productRefGroup = 2E1DD14C1D2F359E00997134 /* Products */;
			projectDirPath = "";
			projectRoot = "";
			targets = (
				2E1DD14A1D2F359E00997134 /* IkkyuChegj */,
				2E1DD1661D2F359E00997134 /* IkkyuChegjTests */,
				2E1DD1711D2F359E00997134 /* IkkyuChegjUITests */,
			);
		};
/* End PBXProject section */

/* Begin PBXResourcesBuildPhase section */
		2E1DD1491D2F359E00997134 /* Resources */ = {
			isa = PBXResourcesBuildPhase;
			buildActionMask = 2147483647;
			files = (
				2E1DD1611D2F359E00997134 /* LaunchScreen.storyboard in Resources */,
				2E1DD15E1D2F359E00997134 /* Assets.xcassets in Resources */,
				2E1DD1591D2F359E00997134 /* Main.storyboard in Resources */,
			);
			runOnlyForDeploymentPostprocessing = 0;
		};
		2E1DD1651D2F359E00997134 /* Resources */ = {
			isa = PBXResourcesBuildPhase;
			buildActionMask = 2147483647;
			files = (
			);
			runOnlyForDeploymentPostprocessing = 0;
		};
		2E1DD1701D2F359E00997134 /* Resources */ = {
			isa = PBXResourcesBuildPhase;
			buildActionMask = 2147483647;
			files = (
			);
			runOnlyForDeploymentPostprocessing = 0;
		};
/* End PBXResourcesBuildPhase section */

/* Begin PBXSourcesBuildPhase section */
		2E1DD1471D2F359E00997134 /* Sources */ = {
			isa = PBXSourcesBuildPhase;
			buildActionMask = 2147483647;
			files = (
				2E1DD1561D2F359E00997134 /* ViewController.m in Sources */,
				2E1DD15C1D2F359E00997134 /* IkkyuChegj.xcdatamodeld in Sources */,
				2E1DD1531D2F359E00997134 /* AppDelegate.m in Sources */,
				2E1DD1501D2F359E00997134 /* main.m in Sources */,
			);
			runOnlyForDeploymentPostprocessing = 0;
		};
		2E1DD1631D2F359E00997134 /* Sources */ = {
			isa = PBXSourcesBuildPhase;
			buildActionMask = 2147483647;
			files = (
				2E1DD16C1D2F359E00997134 /* IkkyuChegjTests.m in Sources */,
			);
			runOnlyForDeploymentPostprocessing = 0;
		};
		2E1DD16E1D2F359E00997134 /* Sources */ = {
			isa = PBXSourcesBuildPhase;
			buildActionMask = 2147483647;
			files = (
				2E1DD1771D2F359E00997134 /* IkkyuChegjUITests.m in Sources */,
			);
			runOnlyForDeploymentPostprocessing = 0;
		};
/* End PBXSourcesBuildPhase section */

/* Begin PBXTargetDependency section */
		2E1DD1691D2F359E00997134 /* PBXTargetDependency */ = {
			isa = PBXTargetDependency;
			target = 2E1DD14A1D2F359E00997134 /* IkkyuChegj */;
			targetProxy = 2E1DD1681D2F359E00997134 /* PBXContainerItemProxy */;
		};
		2E1DD1741D2F359E00997134 /* PBXTargetDependency */ = {
			isa = PBXTargetDependency;
			target = 2E1DD14A1D2F359E00997134 /* IkkyuChegj */;
			targetProxy = 2E1DD1731D2F359E00997134 /* PBXContainerItemProxy */;
		};
/* End PBXTargetDependency section */

/* Begin PBXVariantGroup section */
		2E1DD1571D2F359E00997134 /* Main.storyboard */ = {
			isa = PBXVariantGroup;
			children = (
				2E1DD1581D2F359E00997134 /* Base */,
			);
			name = Main.storyboard;
			sourceTree = "<group>";
		};
		2E1DD15F1D2F359E00997134 /* LaunchScreen.storyboard */ = {
			isa = PBXVariantGroup;
			children = (
				2E1DD1601D2F359E00997134 /* Base */,
			);
			name = LaunchScreen.storyboard;
			sourceTree = "<group>";
		};
/* End PBXVariantGroup section */

/* Begin XCBuildConfiguration section */
		2E1DD1791D2F359E00997134 /* Debug */ = {
			isa = XCBuildConfiguration;
			buildSettings = {
				ALWAYS_SEARCH_USER_PATHS = NO;
				CLANG_ANALYZER_NONNULL = YES;
				CLANG_CXX_LANGUAGE_STANDARD = "gnu++0x";
				CLANG_CXX_LIBRARY = "libc++";
				CLANG_ENABLE_MODULES = YES;
				CLANG_ENABLE_OBJC_ARC = YES;
				CLANG_WARN_BOOL_CONVERSION = YES;
				CLANG_WARN_CONSTANT_CONVERSION = YES;
				CLANG_WARN_DIRECT_OBJC_ISA_USAGE = YES_ERROR;
				CLANG_WARN_EMPTY_BODY = YES;
				CLANG_WARN_ENUM_CONVERSION = YES;
				CLANG_WARN_INT_CONVERSION = YES;
				CLANG_WARN_OBJC_ROOT_CLASS = YES_ERROR;
				CLANG_WARN_UNREACHABLE_CODE = YES;
				CLANG_WARN__DUPLICATE_METHOD_MATCH = YES;
				"CODE_SIGN_IDENTITY[sdk=iphoneos*]" = "iPhone Developer";
				COPY_PHASE_STRIP = NO;
				DEBUG_INFORMATION_FORMAT = dwarf;
				ENABLE_STRICT_OBJC_MSGSEND = YES;
				ENABLE_TESTABILITY = YES;
				GCC_C_LANGUAGE_STANDARD = gnu99;
				GCC_DYNAMIC_NO_PIC = NO;
				GCC_NO_COMMON_BLOCKS = YES;
				GCC_OPTIMIZATION_LEVEL = 0;
				GCC_PREPROCESSOR_DEFINITIONS = (
					"DEBUG=1",
					"$(inherited)",
				);
				GCC_WARN_64_TO_32_BIT_CONVERSION = YES;
				GCC_WARN_ABOUT_RETURN_TYPE = YES_ERROR;
				GCC_WARN_UNDECLARED_SELECTOR = YES;
				GCC_WARN_UNINITIALIZED_AUTOS = YES_AGGRESSIVE;
				GCC_WARN_UNUSED_FUNCTION = YES;
				GCC_WARN_UNUSED_VARIABLE = YES;
				IPHONEOS_DEPLOYMENT_TARGET = 9.3;
				MTL_ENABLE_DEBUG_INFO = YES;
				ONLY_ACTIVE_ARCH = YES;
				SDKROOT = iphoneos;
				TARGETED_DEVICE_FAMILY = "1,2";
			};
			name = Debug;
		};
		2E1DD17A1D2F359E00997134 /* Release */ = {
			isa = XCBuildConfiguration;
			buildSettings = {
				ALWAYS_SEARCH_USER_PATHS = NO;
				CLANG_ANALYZER_NONNULL = YES;
				CLANG_CXX_LANGUAGE_STANDARD = "gnu++0x";
				CLANG_CXX_LIBRARY = "libc++";
				CLANG_ENABLE_MODULES = YES;
				CLANG_ENABLE_OBJC_ARC = YES;
				CLANG_WARN_BOOL_CONVERSION = YES;
				CLANG_WARN_CONSTANT_CONVERSION = YES;
				CLANG_WARN_DIRECT_OBJC_ISA_USAGE = YES_ERROR;
				CLANG_WARN_EMPTY_BODY = YES;
				CLANG_WARN_ENUM_CONVERSION = YES;
				CLANG_WARN_INT_CONVERSION = YES;
				CLANG_WARN_OBJC_ROOT_CLASS = YES_ERROR;
				CLANG_WARN_UNREACHABLE_CODE = YES;
				CLANG_WARN__DUPLICATE_METHOD_MATCH = YES;
				"CODE_SIGN_IDENTITY[sdk=iphoneos*]" = "iPhone Developer";
				COPY_PHASE_STRIP = NO;
				DEBUG_INFORMATION_FORMAT = "dwarf-with-dsym";
				ENABLE_NS_ASSERTIONS = NO;
				ENABLE_STRICT_OBJC_MSGSEND = YES;
				GCC_C_LANGUAGE_STANDARD = gnu99;
				GCC_NO_COMMON_BLOCKS = YES;
				GCC_WARN_64_TO_32_BIT_CONVERSION = YES;
				GCC_WARN_ABOUT_RETURN_TYPE = YES_ERROR;
				GCC_WARN_UNDECLARED_SELECTOR = YES;
				GCC_WARN_UNINITIALIZED_AUTOS = YES_AGGRESSIVE;
				GCC_WARN_UNUSED_FUNCTION = YES;
				GCC_WARN_UNUSED_VARIABLE = YES;
				IPHONEOS_DEPLOYMENT_TARGET = 9.3;
				MTL_ENABLE_DEBUG_INFO = NO;
				SDKROOT = iphoneos;
				TARGETED_DEVICE_FAMILY = "1,2";
				VALIDATE_PRODUCT = YES;
			};
			name = Release;
		};
		2E1DD17C1D2F359E00997134 /* Debug */ = {
			isa = XCBuildConfiguration;
			buildSettings = {
				ASSETCATALOG_COMPILER_APPICON_NAME = AppIcon;
				INFOPLIST_FILE = IkkyuChegj/Info.plist;
				LD_RUNPATH_SEARCH_PATHS = "$(inherited) @executable_path/Frameworks";
				PRODUCT_BUNDLE_IDENTIFIER = com.hbshtx.ios.ikkyuchegj.IkkyuChegj;
				PRODUCT_NAME = "$(TARGET_NAME)";
			};
			name = Debug;
		};
		2E1DD17D1D2F359E00997134 /* Release */ = {
			isa = XCBuildConfiguration;
			buildSettings = {
				ASSETCATALOG_COMPILER_APPICON_NAME = AppIcon;
				INFOPLIST_FILE = IkkyuChegj/Info.plist;
				LD_RUNPATH_SEARCH_PATHS = "$(inherited) @executable_path/Frameworks";
				PRODUCT_BUNDLE_IDENTIFIER = com.hbshtx.ios.ikkyuchegj.IkkyuChegj;
				PRODUCT_NAME = "$(TARGET_NAME)";
			};
			name = Release;
		};
		2E1DD17F1D2F359E00997134 /* Debug */ = {
			isa = XCBuildConfiguration;
			buildSettings = {
				BUNDLE_LOADER = "$(TEST_HOST)";
				INFOPLIST_FILE = IkkyuChegjTests/Info.plist;
				LD_RUNPATH_SEARCH_PATHS = "$(inherited) @executable_path/Frameworks @loader_path/Frameworks";
				PRODUCT_BUNDLE_IDENTIFIER = com.hbshtx.ios.ikkyuchegj.IkkyuChegjTests;
				PRODUCT_NAME = "$(TARGET_NAME)";
				TEST_HOST = "$(BUILT_PRODUCTS_DIR)/IkkyuChegj.app/IkkyuChegj";
			};
			name = Debug;
		};
		2E1DD1801D2F359E00997134 /* Release */ = {
			isa = XCBuildConfiguration;
			buildSettings = {
				BUNDLE_LOADER = "$(TEST_HOST)";
				INFOPLIST_FILE = IkkyuChegjTests/Info.plist;
				LD_RUNPATH_SEARCH_PATHS = "$(inherited) @executable_path/Frameworks @loader_path/Frameworks";
				PRODUCT_BUNDLE_IDENTIFIER = com.hbshtx.ios.ikkyuchegj.IkkyuChegjTests;
				PRODUCT_NAME = "$(TARGET_NAME)";
				TEST_HOST = "$(BUILT_PRODUCTS_DIR)/IkkyuChegj.app/IkkyuChegj";
			};
			name = Release;
		};
		2E1DD1821D2F359E00997134 /* Debug */ = {
			isa = XCBuildConfiguration;
			buildSettings = {
				INFOPLIST_FILE = IkkyuChegjUITests/Info.plist;
				LD_RUNPATH_SEARCH_PATHS = "$(inherited) @executable_path/Frameworks @loader_path/Frameworks";
				PRODUCT_BUNDLE_IDENTIFIER = com.hbshtx.ios.ikkyuchegj.IkkyuChegjUITests;
				PRODUCT_NAME = "$(TARGET_NAME)";
				TEST_TARGET_NAME = IkkyuChegj;
			};
			name = Debug;
		};
		2E1DD1831D2F359E00997134 /* Release */ = {
			isa = XCBuildConfiguration;
			buildSettings = {
				INFOPLIST_FILE = IkkyuChegjUITests/Info.plist;
				LD_RUNPATH_SEARCH_PATHS = "$(inherited) @executable_path/Frameworks @loader_path/Frameworks";
				PRODUCT_BUNDLE_IDENTIFIER = com.hbshtx.ios.ikkyuchegj.IkkyuChegjUITests;
				PRODUCT_NAME = "$(TARGET_NAME)";
				TEST_TARGET_NAME = IkkyuChegj;
			};
			name = Release;
		};
/* End XCBuildConfiguration section */

/* Begin XCConfigurationList section */
		2E1DD1461D2F359E00997134 /* Build configuration list for PBXProject "IkkyuChegj" */ = {
			isa = XCConfigurationList;
			buildConfigurations = (
				2E1DD1791D2F359E00997134 /* Debug */,
				2E1DD17A1D2F359E00997134 /* Release */,
			);
			defaultConfigurationIsVisible = 0;
			defaultConfigurationName = Release;
		};
		2E1DD17B1D2F359E00997134 /* Build configuration list for PBXNativeTarget "IkkyuChegj" */ = {
			isa = XCConfigurationList;
			buildConfigurations = (
				2E1DD17C1D2F359E00997134 /* Debug */,
				2E1DD17D1D2F359E00997134 /* Release */,
			);
			defaultConfigurationIsVisible = 0;
		};
		2E1DD17E1D2F359E00997134 /* Build configuration list for PBXNativeTarget "IkkyuChegjTests" */ = {
			isa = XCConfigurationList;
			buildConfigurations = (
				2E1DD17F1D2F359E00997134 /* Debug */,
				2E1DD1801D2F359E00997134 /* Release */,
			);
			defaultConfigurationIsVisible = 0;
		};
		2E1DD1811D2F359E00997134 /* Build configuration list for PBXNativeTarget "IkkyuChegjUITests" */ = {
			isa = XCConfigurationList;
			buildConfigurations = (
				2E1DD1821D2F359E00997134 /* Debug */,
				2E1DD1831D2F359E00997134 /* Release */,
			);
			defaultConfigurationIsVisible = 0;
		};
/* End XCConfigurationList section */

/* Begin XCVersionGroup section */
		2E1DD15A1D2F359E00997134 /* IkkyuChegj.xcdatamodeld */ = {
			isa = XCVersionGroup;
			children = (
				2E1DD15B1D2F359E00997134 /* IkkyuChegj.xcdatamodel */,
			);
			currentVersion = 2E1DD15B1D2F359E00997134 /* IkkyuChegj.xcdatamodel */;
			path = IkkyuChegj.xcdatamodeld;
			sourceTree = "<group>";
			versionGroupType = wrapper.xcdatamodel;
		};
/* End XCVersionGroup section */
	};
	rootObject = 2E1DD1431D2F359E00997134 /* Project object */;
}
